// !$*UTF8*$!
{
	archiveVersion = 1;
	classes = {
	};
	objectVersion = 51;
	objects = {

/* Begin PBXBuildFile section */
		0AD87E1E4C2E7483C884B52B64107E8D /* ExpensesRepository.swift in Sources */ = {isa = PBXBuildFile; fileRef = 321790082891000F97DCD6916BE8B926 /* ExpensesRepository.swift */; };
		101EBE3A20A55FEA46927D2F1890EF69 /* ExpensesViewController.xib in Resources */ = {isa = PBXBuildFile; fileRef = 0C789E0BA520F100B39CF1308ADE8C2C /* ExpensesViewController.xib */; };
		1545061EAB9E7FC72D6A2E682DC04A9F /* AddExpenseModuleBuilder.swift in Sources */ = {isa = PBXBuildFile; fileRef = 79849DF7C8A6DFEFE8F308ACC782CBFE /* AddExpenseModuleBuilder.swift */; };
		1D847E3A4FA872E67A402FA1068FAD72 /* DefaultAddExpensePresenter.swift in Sources */ = {isa = PBXBuildFile; fileRef = 6F936E723E0639B7472CF6D56C4B0987 /* DefaultAddExpensePresenter.swift */; };
		2272F3FF647D684F0CDF34965B784ED4 /* AmountFormatterSpec.swift in Sources */ = {isa = PBXBuildFile; fileRef = 8BE82D0DA97CC45D08212CB307A6C7A3 /* AmountFormatterSpec.swift */; };
		323F24301A1E53DE441AF56D4E3FEFCB /* AmountFormatter.swift in Sources */ = {isa = PBXBuildFile; fileRef = F2DB32A3BB799C7262F001C1807C9CA5 /* AmountFormatter.swift */; };
		3CC54CAA9DC4DF3A262FA28C4BF52435 /* String+subscript.swift in Sources */ = {isa = PBXBuildFile; fileRef = E78FB59D8954684F220322B118CC7680 /* String+subscript.swift */; };
		428EE57788FB80514F0AD4B2561F8FD7 /* SectionsSpec.swift in Sources */ = {isa = PBXBuildFile; fileRef = 57EE6CB4B6D52E610D39426E6A62B879 /* SectionsSpec.swift */; };
		447A94FB3784972DFC36D17F84039C0B /* AddExpenseViewController.xib in Resources */ = {isa = PBXBuildFile; fileRef = 40E7B830AF25D9E7125E0313E8BC8D82 /* AddExpenseViewController.xib */; };
		4CB0FA9534C6EDB9E4B95A0A89DB99CC /* TableView+delete.swift in Sources */ = {isa = PBXBuildFile; fileRef = FF5226C8F20345613BAEB240E4AAF93C /* TableView+delete.swift */; };
		4E4782FCFB7302C116155205 /* Pods_Kakebo.framework in Frameworks */ = {isa = PBXBuildFile; fileRef = 46B58BEBFCEC65008A58B4E9 /* Pods_Kakebo.framework */; };
		5665355E46B9AAF166920A1E /* Pods_KakeboTests.framework in Frameworks */ = {isa = PBXBuildFile; fileRef = 20C6F058278EE2C82EE70C1B /* Pods_KakeboTests.framework */; };
		5A0B65B02289FEFA00DA6587 /* FormFieldModel.swift in Sources */ = {isa = PBXBuildFile; fileRef = 5A0B65AF2289FEFA00DA6587 /* FormFieldModel.swift */; };
		5A1E8424228F3CA2008DA9D1 /* GeneralDateFormatter.swift in Sources */ = {isa = PBXBuildFile; fileRef = 5A1E8423228F3CA2008DA9D1 /* GeneralDateFormatter.swift */; };
		5A1E8426228F3D12008DA9D1 /* GeneralDateFormatterSpec.swift in Sources */ = {isa = PBXBuildFile; fileRef = 5A1E8425228F3D12008DA9D1 /* GeneralDateFormatterSpec.swift */; };
		5A25B5AF22A98CAE007AE357 /* FormFieldModelSpec.swift in Sources */ = {isa = PBXBuildFile; fileRef = 5A25B5AE22A98CAE007AE357 /* FormFieldModelSpec.swift */; };
		5A2C3EB7228AEB8300D3F019 /* AmountFormFieldPresenter.swift in Sources */ = {isa = PBXBuildFile; fileRef = 5A2C3EB6228AEB8300D3F019 /* AmountFormFieldPresenter.swift */; };
		5A2C3EBA228AF2AB00D3F019 /* AmountFormFieldPresenterSpec.swift in Sources */ = {isa = PBXBuildFile; fileRef = 5A2C3EB9228AF2AB00D3F019 /* AmountFormFieldPresenterSpec.swift */; };
		5A41D9F42281EED400794A8F /* TextFormFieldView.xib in Resources */ = {isa = PBXBuildFile; fileRef = 5A41D9F32281EED400794A8F /* TextFormFieldView.xib */; };
		5A45F1B522820EAA0005AA68 /* FormView.swift in Sources */ = {isa = PBXBuildFile; fileRef = 5A45F1B422820EAA0005AA68 /* FormView.swift */; };
		5A45F1B72282170D0005AA68 /* FormBuilder.swift in Sources */ = {isa = PBXBuildFile; fileRef = 5A45F1B62282170D0005AA68 /* FormBuilder.swift */; };
		5A4C5EB3229ACDA800E7C155 /* Validator.swift in Sources */ = {isa = PBXBuildFile; fileRef = 5A4C5EB2229ACDA800E7C155 /* Validator.swift */; };
		5A4C5EB5229AD33100E7C155 /* ValidatorsSpec.swift in Sources */ = {isa = PBXBuildFile; fileRef = 5A4C5EB4229AD33100E7C155 /* ValidatorsSpec.swift */; };
		5A50EDF8228B2D4100EECB30 /* FormStyle.swift in Sources */ = {isa = PBXBuildFile; fileRef = 5A50EDF7228B2D4100EECB30 /* FormStyle.swift */; };
		5A50EDFA228B303900EECB30 /* InputFormFieldView.swift in Sources */ = {isa = PBXBuildFile; fileRef = 5A50EDF9228B303900EECB30 /* InputFormFieldView.swift */; };
		5A50EDFC228B311000EECB30 /* DateFormFieldPresenter.swift in Sources */ = {isa = PBXBuildFile; fileRef = 5A50EDFB228B311000EECB30 /* DateFormFieldPresenter.swift */; };
		5A50EE01228B38E200EECB30 /* Colors.swift in Sources */ = {isa = PBXBuildFile; fileRef = 5A50EE00228B38E200EECB30 /* Colors.swift */; };
		5A50EE03228B392B00EECB30 /* Fonts.swift in Sources */ = {isa = PBXBuildFile; fileRef = 5A50EE02228B392B00EECB30 /* Fonts.swift */; };
		5A68398D22F85A380032369D /* MonthExpenseListPresenter.swift in Sources */ = {isa = PBXBuildFile; fileRef = 5A68398C22F85A380032369D /* MonthExpenseListPresenter.swift */; };
		5A6C60E922AADFEE0054F1FB /* ExpenseListSelectorView.xib in Resources */ = {isa = PBXBuildFile; fileRef = 5A6C60E822AADFEE0054F1FB /* ExpenseListSelectorView.xib */; };
		5A6C60EB22AADFF80054F1FB /* ExpenseListSelectorView.swift in Sources */ = {isa = PBXBuildFile; fileRef = 5A6C60EA22AADFF80054F1FB /* ExpenseListSelectorView.swift */; };
		5A830C3E228AAFA100FF6DF1 /* Style.swift in Sources */ = {isa = PBXBuildFile; fileRef = 5A830C3D228AAFA100FF6DF1 /* Style.swift */; };
		5A830C41228AAFE100FF6DF1 /* Color+hex.swift in Sources */ = {isa = PBXBuildFile; fileRef = 5A830C40228AAFE100FF6DF1 /* Color+hex.swift */; };
		5A91DFBC22F75B4F0004654C /* ExpenseListViewController.xib in Resources */ = {isa = PBXBuildFile; fileRef = 5A91DFBB22F75B4F0004654C /* ExpenseListViewController.xib */; };
		5A93CAD0228A48E50066ED4F /* InputFormFieldView.xib in Resources */ = {isa = PBXBuildFile; fileRef = 5A93CACF228A48E50066ED4F /* InputFormFieldView.xib */; };
		5ABC60AC22F80F2000A72659 /* EmptyStateView.swift in Sources */ = {isa = PBXBuildFile; fileRef = 5ABC60AB22F80F2000A72659 /* EmptyStateView.swift */; };
		5ABC60AE22F80F4000A72659 /* EmptyStateView.xib in Resources */ = {isa = PBXBuildFile; fileRef = 5ABC60AD22F80F4000A72659 /* EmptyStateView.xib */; };
		5ABC60B122F8158300A72659 /* UnderlinedButton.swift in Sources */ = {isa = PBXBuildFile; fileRef = 5ABC60B022F8158300A72659 /* UnderlinedButton.swift */; };
		5ABC60B322F834B900A72659 /* ScrollView+pagging.swift in Sources */ = {isa = PBXBuildFile; fileRef = 5ABC60B222F834B900A72659 /* ScrollView+pagging.swift */; };
		5ABDA9632297D83C001E6D62 /* Mock.generated.swift in Sources */ = {isa = PBXBuildFile; fileRef = 5ABDA9622297D83C001E6D62 /* Mock.generated.swift */; };
		5ACE92B2227EEF1C009092D8 /* ArrayElementSpec.swift in Sources */ = {isa = PBXBuildFile; fileRef = 5ACE92B1227EEF1C009092D8 /* ArrayElementSpec.swift */; };
		5ACE92B7227F4B8F009092D8 /* StringReplacingSpec.swift in Sources */ = {isa = PBXBuildFile; fileRef = 5ACE92B6227F4B8F009092D8 /* StringReplacingSpec.swift */; };
		5ACE92B9227F5135009092D8 /* StringSubstringSpec.swift in Sources */ = {isa = PBXBuildFile; fileRef = 5ACE92B8227F5135009092D8 /* StringSubstringSpec.swift */; };
		5ACF2B15231D8F47007FF4C9 /* RealmExpensesRepositoryFactory.swift in Sources */ = {isa = PBXBuildFile; fileRef = 5ACF2B14231D8F47007FF4C9 /* RealmExpensesRepositoryFactory.swift */; };
		5AF085B7227A44D3006CE614 /* RealmExpensesRepositorySpec.swift in Sources */ = {isa = PBXBuildFile; fileRef = 5AF085B6227A44D3006CE614 /* RealmExpensesRepositorySpec.swift */; };
		5AF2856622F3F44A001AC3DF /* DayExpenseListPresenter.swift in Sources */ = {isa = PBXBuildFile; fileRef = 5AF2856522F3F44A001AC3DF /* DayExpenseListPresenter.swift */; };
		5AF2856922F3F5C9001AC3DF /* ExpenseListViewController.swift in Sources */ = {isa = PBXBuildFile; fileRef = 5AF2856822F3F5C9001AC3DF /* ExpenseListViewController.swift */; };
		5AF2856D22F3F797001AC3DF /* ExpenseListViewModel.swift in Sources */ = {isa = PBXBuildFile; fileRef = 5AF2856C22F3F797001AC3DF /* ExpenseListViewModel.swift */; };
		5AF2856F22F437A9001AC3DF /* DefaultExpensesPresenter.swift in Sources */ = {isa = PBXBuildFile; fileRef = 5AF2856E22F437A9001AC3DF /* DefaultExpensesPresenter.swift */; };
		5AF8B60D2298048F00654302 /* FormFieldContainerView.swift in Sources */ = {isa = PBXBuildFile; fileRef = 5AF8B60C2298048F00654302 /* FormFieldContainerView.swift */; };
		5AF8B60F229804A900654302 /* FormFieldContainerView.xib in Resources */ = {isa = PBXBuildFile; fileRef = 5AF8B60E229804A900654302 /* FormFieldContainerView.xib */; };
		5AF8B615229878E500654302 /* FormFieldView.swift in Sources */ = {isa = PBXBuildFile; fileRef = 5AF8B614229878E500654302 /* FormFieldView.swift */; };
		5B915FE143322D23F918F64953B8CDCC /* AppDelegate.swift in Sources */ = {isa = PBXBuildFile; fileRef = ABF71E15A4C94355DDA1C916AF2F06A3 /* AppDelegate.swift */; };
		61F9F205F0DEB544AFFABB970074328A /* ExpensesViewController.swift in Sources */ = {isa = PBXBuildFile; fileRef = B75AA432513FB3621AFFDD76C7210792 /* ExpensesViewController.swift */; };
		71D4873757587F941196A77256FB374A /* ExpenseListHeaderView.xib in Resources */ = {isa = PBXBuildFile; fileRef = 1329B943996EC7382077DC14A585FE29 /* ExpenseListHeaderView.xib */; };
		799628C939BE48A55A0CA33A26CC00EC /* ExpenseListCell.xib in Resources */ = {isa = PBXBuildFile; fileRef = F51C48EBC4F77637D394B9A59488ED0E /* ExpenseListCell.xib */; };
		8D6AE39A08FBCCCA53789677D16ECBCC /* Array+group.swift in Sources */ = {isa = PBXBuildFile; fileRef = 0341F65A7795C044A8EB202B04D07B28 /* Array+group.swift */; };
		8DF7788DE61ABC814ADBB3E5E8E3AB8E /* ExpenseListCell.swift in Sources */ = {isa = PBXBuildFile; fileRef = 980B1923E1C31ED4A6B64872BCDC6961 /* ExpenseListCell.swift */; };
		9C0AE6E0CEAB9666A83907737D17C808 /* ArrayGroupSpec.swift in Sources */ = {isa = PBXBuildFile; fileRef = 69A6FD05CF0C9C4A944FE7E5A547F893 /* ArrayGroupSpec.swift */; };
		9FA73AEA08D63F487872C9D0E3D7E67E /* TextFormFieldView.swift in Sources */ = {isa = PBXBuildFile; fileRef = F1C698838244DB5DF92C383B698B1FC1 /* TextFormFieldView.swift */; };
		A18C56CDFDF3CC47426260B731A2FE96 /* RealmExpensesRepository.swift in Sources */ = {isa = PBXBuildFile; fileRef = 0DCF2CE15E775EA5476A1AE6AC053ABA /* RealmExpensesRepository.swift */; };
		A325415A485BD5354977AFE681EE7045 /* AddExpenseViewController.swift in Sources */ = {isa = PBXBuildFile; fileRef = 7BB589B09DE19B3EA5431250FB8274EA /* AddExpenseViewController.swift */; };
		A66A5351279702857BD5D451E4840551 /* Array+element.swift in Sources */ = {isa = PBXBuildFile; fileRef = E398622115AB63A32ABABCF65868AB5E /* Array+element.swift */; };
		AB80C4C4D026FC02154ED4EB7EE441EC /* Assets.xcassets in Resources */ = {isa = PBXBuildFile; fileRef = 6E404879358782C7C011BCC4EC023390 /* Assets.xcassets */; };
		AFEE71C49E68C5A673D7A42F5360540D /* ExpensesModuleBuilder.swift in Sources */ = {isa = PBXBuildFile; fileRef = E7BDBDB7D76EF40F0FCE79AE7A4AEEB4 /* ExpensesModuleBuilder.swift */; };
		B8265A91F9823B3177F60B3C9C39F4FC /* LaunchScreen.storyboard in Resources */ = {isa = PBXBuildFile; fileRef = 225C673CE7E89A21FD3D6BFBCA38E827 /* LaunchScreen.storyboard */; };
		BA2F8EC21BC778A610708C621EE1F042 /* ExpensesRouter.swift in Sources */ = {isa = PBXBuildFile; fileRef = 4FC5FE37050C524A1C308F902AB9DA79 /* ExpensesRouter.swift */; };
		C31D78FE77010197F4268CAB693481BE /* TableView+register.swift in Sources */ = {isa = PBXBuildFile; fileRef = F469BE2DBCE3CDCF547181257E0963D4 /* TableView+register.swift */; };
		C4F15B3579C176C64492F2F6A94E70BE /* Sections.swift in Sources */ = {isa = PBXBuildFile; fileRef = 422426E5194B147159B3009BBF19FFDD /* Sections.swift */; };
		CBF3C7427E1C7CFD7AA5289F166F8640 /* UIView+nib.swift in Sources */ = {isa = PBXBuildFile; fileRef = B3ACB34EDF298E01FC6592700C9B1AD3 /* UIView+nib.swift */; };
		D0518D4EBA9DCE9ABBF0680DD5136061 /* String+replacing.swift in Sources */ = {isa = PBXBuildFile; fileRef = E5C6261B09E1F63A019CB4EFAA5A1815 /* String+replacing.swift */; };
		D902971B2351D28600681BFC /* CalendarFormFieldView.swift in Sources */ = {isa = PBXBuildFile; fileRef = D902971A2351D28600681BFC /* CalendarFormFieldView.swift */; };
		D902971D2351D2AF00681BFC /* CalendarFormFieldView.xib in Resources */ = {isa = PBXBuildFile; fileRef = D902971C2351D2AF00681BFC /* CalendarFormFieldView.xib */; };
		D90297212351D79200681BFC /* CalendarFormFieldKeyboardView.xib in Resources */ = {isa = PBXBuildFile; fileRef = D90297202351D79200681BFC /* CalendarFormFieldKeyboardView.xib */; };
		D90297232352386D00681BFC /* CalendarFormFieldKeyboardView.swift in Sources */ = {isa = PBXBuildFile; fileRef = D90297222352386D00681BFC /* CalendarFormFieldKeyboardView.swift */; };
		D9121B11241A793D0025DEA2 /* TimeValidator.swift in Sources */ = {isa = PBXBuildFile; fileRef = D9121B10241A793D0025DEA2 /* TimeValidator.swift */; };
		D9121B13241A7F650025DEA2 /* TimeValidatorSpec.swift in Sources */ = {isa = PBXBuildFile; fileRef = D9121B12241A7F650025DEA2 /* TimeValidatorSpec.swift */; };
		D95E5AEF2415512B00CB77F0 /* TimeFormatter.swift in Sources */ = {isa = PBXBuildFile; fileRef = D95E5AEE2415512B00CB77F0 /* TimeFormatter.swift */; };
		D95E5AF12415514800CB77F0 /* TimerFormatterSpec.swift in Sources */ = {isa = PBXBuildFile; fileRef = D95E5AF02415514800CB77F0 /* TimerFormatterSpec.swift */; };
		D95E5AF3241554AA00CB77F0 /* TimeFormFieldPresenter.swift in Sources */ = {isa = PBXBuildFile; fileRef = D95E5AF2241554AA00CB77F0 /* TimeFormFieldPresenter.swift */; };
		D95E5AF5241556E200CB77F0 /* TimeFormFieldPresenterSpec.swift in Sources */ = {isa = PBXBuildFile; fileRef = D95E5AF4241556E200CB77F0 /* TimeFormFieldPresenterSpec.swift */; };
		D96E14DC245DBE9800257E4E /* CategorySelectorModuleBuilder.swift in Sources */ = {isa = PBXBuildFile; fileRef = D96E14DB245DBE9800257E4E /* CategorySelectorModuleBuilder.swift */; };
		D96E14DF245DBF5400257E4E /* CategorySelectorViewController.swift in Sources */ = {isa = PBXBuildFile; fileRef = D96E14DE245DBF5400257E4E /* CategorySelectorViewController.swift */; };
		D96E14E1245DC16300257E4E /* CategorySelectorViewController.xib in Resources */ = {isa = PBXBuildFile; fileRef = D96E14E0245DC16300257E4E /* CategorySelectorViewController.xib */; };
		D96E14E4245DC59E00257E4E /* CategorySelectorPresenter.swift in Sources */ = {isa = PBXBuildFile; fileRef = D96E14E3245DC59E00257E4E /* CategorySelectorPresenter.swift */; };
		D97586AF245DD83A00CE880A /* AddCategoryModuleBuilder.swift in Sources */ = {isa = PBXBuildFile; fileRef = D97586AE245DD83A00CE880A /* AddCategoryModuleBuilder.swift */; };
		D97586B6245DD97D00CE880A /* CategorySelectorRouter.swift in Sources */ = {isa = PBXBuildFile; fileRef = D97586B5245DD97D00CE880A /* CategorySelectorRouter.swift */; };
		D9A013DC24548A020096B511 /* OptionsFormFieldView.swift in Sources */ = {isa = PBXBuildFile; fileRef = D9A013DB24548A020096B511 /* OptionsFormFieldView.swift */; };
		D9A013DE24548A3B0096B511 /* OptionsFormFieldView.xib in Resources */ = {isa = PBXBuildFile; fileRef = D9A013DD24548A3B0096B511 /* OptionsFormFieldView.xib */; };
		D9CB02352352FE99006C8F5F /* CalendarFormFieldViewCell.swift in Sources */ = {isa = PBXBuildFile; fileRef = D9CB02332352FE99006C8F5F /* CalendarFormFieldViewCell.swift */; };
		D9CB02362352FE99006C8F5F /* CalendarFormFieldViewCell.xib in Resources */ = {isa = PBXBuildFile; fileRef = D9CB02342352FE99006C8F5F /* CalendarFormFieldViewCell.xib */; };
		D9CB02382352FF9A006C8F5F /* CollectionView+register.swift in Sources */ = {isa = PBXBuildFile; fileRef = D9CB02372352FF9A006C8F5F /* CollectionView+register.swift */; };
		D9CB023A235308BD006C8F5F /* Color+random.swift in Sources */ = {isa = PBXBuildFile; fileRef = D9CB0239235308BD006C8F5F /* Color+random.swift */; };
		D9D9DDFB240A69A200701340 /* ExpenseListModuleBuilder.swift in Sources */ = {isa = PBXBuildFile; fileRef = D9D9DDFA240A69A200701340 /* ExpenseListModuleBuilder.swift */; };
		D9D9DE03240A6BE600701340 /* OnDateExpenseListPresenter.swift in Sources */ = {isa = PBXBuildFile; fileRef = D9D9DE02240A6BE600701340 /* OnDateExpenseListPresenter.swift */; };
		D9D9DE05240A7F9A00701340 /* ExpenseListMapper.swift in Sources */ = {isa = PBXBuildFile; fileRef = D9D9DE04240A7F9A00701340 /* ExpenseListMapper.swift */; };
		D9D9DE08240A88A300701340 /* ExpenseListRouter.swift in Sources */ = {isa = PBXBuildFile; fileRef = D9D9DE07240A88A300701340 /* ExpenseListRouter.swift */; };
		D9D9DE0B240A8AE600701340 /* Date+components.swift in Sources */ = {isa = PBXBuildFile; fileRef = D9D9DE0A240A8AE600701340 /* Date+components.swift */; };
		EDF4FFE1DF7BE30603FF3704A2B11CA6 /* AddExpenseRouter.swift in Sources */ = {isa = PBXBuildFile; fileRef = D1F8266052C2C5092491DF56B5C876AB /* AddExpenseRouter.swift */; };
		EECFC2C39B9EE020B8F9BABB7701A5AF /* Localization.swift in Sources */ = {isa = PBXBuildFile; fileRef = F62097DE0CC6568F323DEF40FAC073E0 /* Localization.swift */; };
		FE10CEFEA4E8654443D866FF3C0B8C8C /* ExpenseListHeaderView.swift in Sources */ = {isa = PBXBuildFile; fileRef = 9DE731A714AD3D6F1AA1518F08507454 /* ExpenseListHeaderView.swift */; };
/* End PBXBuildFile section */

/* Begin PBXContainerItemProxy section */
		1EED9843DD5615FC4797869D9DE0BE8C /* PBXContainerItemProxy */ = {
			isa = PBXContainerItemProxy;
			containerPortal = 997008456CD979097DB4C04CAF147C4F /* Project object */;
			proxyType = 1;
			remoteGlobalIDString = D958918E2DA8339669D18954230B2EF4;
			remoteInfo = Kakebo;
		};
/* End PBXContainerItemProxy section */

/* Begin PBXCopyFilesBuildPhase section */
		D9E46444245E9CB400A9DD2D /* Embed Frameworks */ = {
			isa = PBXCopyFilesBuildPhase;
			buildActionMask = 2147483647;
			dstPath = "";
			dstSubfolderSpec = 10;
			files = (
			);
			name = "Embed Frameworks";
			runOnlyForDeploymentPostprocessing = 0;
		};
/* End PBXCopyFilesBuildPhase section */

/* Begin PBXFileReference section */
		0341F65A7795C044A8EB202B04D07B28 /* Array+group.swift */ = {isa = PBXFileReference; lastKnownFileType = sourcecode.swift; path = "Array+group.swift"; sourceTree = "<group>"; };
		080611C5D7452ABAF94DF32A608C5053 /* KakeboTests.xctest */ = {isa = PBXFileReference; explicitFileType = wrapper.cfbundle; includeInIndex = 0; path = KakeboTests.xctest; sourceTree = BUILT_PRODUCTS_DIR; };
		0C789E0BA520F100B39CF1308ADE8C2C /* ExpensesViewController.xib */ = {isa = PBXFileReference; lastKnownFileType = file.xib; path = ExpensesViewController.xib; sourceTree = "<group>"; };
		0DCF2CE15E775EA5476A1AE6AC053ABA /* RealmExpensesRepository.swift */ = {isa = PBXFileReference; lastKnownFileType = sourcecode.swift; path = RealmExpensesRepository.swift; sourceTree = "<group>"; };
		1221A1A2ECC92424C5DD1F427AC2E3A8 /* Info.plist */ = {isa = PBXFileReference; lastKnownFileType = text.plist.xml; path = Info.plist; sourceTree = "<group>"; };
		1329B943996EC7382077DC14A585FE29 /* ExpenseListHeaderView.xib */ = {isa = PBXFileReference; lastKnownFileType = file.xib; path = ExpenseListHeaderView.xib; sourceTree = "<group>"; };
		16A005027CECFFF92C1104DE86D57301 /* Info.plist */ = {isa = PBXFileReference; lastKnownFileType = text.plist.xml; path = Info.plist; sourceTree = "<group>"; };
		20C6F058278EE2C82EE70C1B /* Pods_KakeboTests.framework */ = {isa = PBXFileReference; explicitFileType = wrapper.framework; includeInIndex = 0; path = Pods_KakeboTests.framework; sourceTree = BUILT_PRODUCTS_DIR; };
		225C673CE7E89A21FD3D6BFBCA38E827 /* LaunchScreen.storyboard */ = {isa = PBXFileReference; lastKnownFileType = file.storyboard; path = LaunchScreen.storyboard; sourceTree = "<group>"; };
		243B3D8E92366CCF1998D1A6 /* Pods-KakeboTests.release.xcconfig */ = {isa = PBXFileReference; includeInIndex = 1; lastKnownFileType = text.xcconfig; name = "Pods-KakeboTests.release.xcconfig"; path = "Target Support Files/Pods-KakeboTests/Pods-KakeboTests.release.xcconfig"; sourceTree = "<group>"; };
		321790082891000F97DCD6916BE8B926 /* ExpensesRepository.swift */ = {isa = PBXFileReference; lastKnownFileType = sourcecode.swift; path = ExpensesRepository.swift; sourceTree = "<group>"; };
		3B10A56ECCEF411FC76A4E3A /* Pods-Kakebo.release.xcconfig */ = {isa = PBXFileReference; includeInIndex = 1; lastKnownFileType = text.xcconfig; name = "Pods-Kakebo.release.xcconfig"; path = "Target Support Files/Pods-Kakebo/Pods-Kakebo.release.xcconfig"; sourceTree = "<group>"; };
		40E7B830AF25D9E7125E0313E8BC8D82 /* AddExpenseViewController.xib */ = {isa = PBXFileReference; lastKnownFileType = file.xib; path = AddExpenseViewController.xib; sourceTree = "<group>"; };
		422426E5194B147159B3009BBF19FFDD /* Sections.swift */ = {isa = PBXFileReference; lastKnownFileType = sourcecode.swift; path = Sections.swift; sourceTree = "<group>"; };
		46B58BEBFCEC65008A58B4E9 /* Pods_Kakebo.framework */ = {isa = PBXFileReference; explicitFileType = wrapper.framework; includeInIndex = 0; path = Pods_Kakebo.framework; sourceTree = BUILT_PRODUCTS_DIR; };
		4F1F8F5FE99128803DD017B1 /* Pods-KakeboTests.debug.xcconfig */ = {isa = PBXFileReference; includeInIndex = 1; lastKnownFileType = text.xcconfig; name = "Pods-KakeboTests.debug.xcconfig"; path = "Target Support Files/Pods-KakeboTests/Pods-KakeboTests.debug.xcconfig"; sourceTree = "<group>"; };
		4FC5FE37050C524A1C308F902AB9DA79 /* ExpensesRouter.swift */ = {isa = PBXFileReference; lastKnownFileType = sourcecode.swift; path = ExpensesRouter.swift; sourceTree = "<group>"; };
		57EE6CB4B6D52E610D39426E6A62B879 /* SectionsSpec.swift */ = {isa = PBXFileReference; lastKnownFileType = sourcecode.swift; path = SectionsSpec.swift; sourceTree = "<group>"; };
		5A0B65AF2289FEFA00DA6587 /* FormFieldModel.swift */ = {isa = PBXFileReference; fileEncoding = 4; lastKnownFileType = sourcecode.swift; path = FormFieldModel.swift; sourceTree = "<group>"; };
		5A1E8423228F3CA2008DA9D1 /* GeneralDateFormatter.swift */ = {isa = PBXFileReference; lastKnownFileType = sourcecode.swift; path = GeneralDateFormatter.swift; sourceTree = "<group>"; };
		5A1E8425228F3D12008DA9D1 /* GeneralDateFormatterSpec.swift */ = {isa = PBXFileReference; lastKnownFileType = sourcecode.swift; path = GeneralDateFormatterSpec.swift; sourceTree = "<group>"; };
		5A25B5AE22A98CAE007AE357 /* FormFieldModelSpec.swift */ = {isa = PBXFileReference; lastKnownFileType = sourcecode.swift; path = FormFieldModelSpec.swift; sourceTree = "<group>"; };
		5A2C3EB6228AEB8300D3F019 /* AmountFormFieldPresenter.swift */ = {isa = PBXFileReference; lastKnownFileType = sourcecode.swift; path = AmountFormFieldPresenter.swift; sourceTree = "<group>"; };
		5A2C3EB9228AF2AB00D3F019 /* AmountFormFieldPresenterSpec.swift */ = {isa = PBXFileReference; lastKnownFileType = sourcecode.swift; path = AmountFormFieldPresenterSpec.swift; sourceTree = "<group>"; };
		5A41D9F32281EED400794A8F /* TextFormFieldView.xib */ = {isa = PBXFileReference; lastKnownFileType = file.xib; path = TextFormFieldView.xib; sourceTree = "<group>"; };
		5A45F1B422820EAA0005AA68 /* FormView.swift */ = {isa = PBXFileReference; lastKnownFileType = sourcecode.swift; path = FormView.swift; sourceTree = "<group>"; };
		5A45F1B62282170D0005AA68 /* FormBuilder.swift */ = {isa = PBXFileReference; lastKnownFileType = sourcecode.swift; path = FormBuilder.swift; sourceTree = "<group>"; };
		5A4C5EB2229ACDA800E7C155 /* Validator.swift */ = {isa = PBXFileReference; lastKnownFileType = sourcecode.swift; path = Validator.swift; sourceTree = "<group>"; };
		5A4C5EB4229AD33100E7C155 /* ValidatorsSpec.swift */ = {isa = PBXFileReference; lastKnownFileType = sourcecode.swift; path = ValidatorsSpec.swift; sourceTree = "<group>"; };
		5A50EDF7228B2D4100EECB30 /* FormStyle.swift */ = {isa = PBXFileReference; lastKnownFileType = sourcecode.swift; path = FormStyle.swift; sourceTree = "<group>"; };
		5A50EDF9228B303900EECB30 /* InputFormFieldView.swift */ = {isa = PBXFileReference; fileEncoding = 4; lastKnownFileType = sourcecode.swift; path = InputFormFieldView.swift; sourceTree = "<group>"; };
		5A50EDFB228B311000EECB30 /* DateFormFieldPresenter.swift */ = {isa = PBXFileReference; lastKnownFileType = sourcecode.swift; path = DateFormFieldPresenter.swift; sourceTree = "<group>"; };
		5A50EE00228B38E200EECB30 /* Colors.swift */ = {isa = PBXFileReference; lastKnownFileType = sourcecode.swift; path = Colors.swift; sourceTree = "<group>"; };
		5A50EE02228B392B00EECB30 /* Fonts.swift */ = {isa = PBXFileReference; lastKnownFileType = sourcecode.swift; path = Fonts.swift; sourceTree = "<group>"; };
		5A68398C22F85A380032369D /* MonthExpenseListPresenter.swift */ = {isa = PBXFileReference; lastKnownFileType = sourcecode.swift; path = MonthExpenseListPresenter.swift; sourceTree = "<group>"; };
		5A6C60E822AADFEE0054F1FB /* ExpenseListSelectorView.xib */ = {isa = PBXFileReference; lastKnownFileType = file.xib; path = ExpenseListSelectorView.xib; sourceTree = "<group>"; };
		5A6C60EA22AADFF80054F1FB /* ExpenseListSelectorView.swift */ = {isa = PBXFileReference; lastKnownFileType = sourcecode.swift; path = ExpenseListSelectorView.swift; sourceTree = "<group>"; };
		5A830C3D228AAFA100FF6DF1 /* Style.swift */ = {isa = PBXFileReference; lastKnownFileType = sourcecode.swift; path = Style.swift; sourceTree = "<group>"; };
		5A830C40228AAFE100FF6DF1 /* Color+hex.swift */ = {isa = PBXFileReference; lastKnownFileType = sourcecode.swift; path = "Color+hex.swift"; sourceTree = "<group>"; };
		5A91DFBB22F75B4F0004654C /* ExpenseListViewController.xib */ = {isa = PBXFileReference; lastKnownFileType = file.xib; path = ExpenseListViewController.xib; sourceTree = "<group>"; };
		5A93CACF228A48E50066ED4F /* InputFormFieldView.xib */ = {isa = PBXFileReference; lastKnownFileType = file.xib; path = InputFormFieldView.xib; sourceTree = "<group>"; };
		5ABC60AB22F80F2000A72659 /* EmptyStateView.swift */ = {isa = PBXFileReference; lastKnownFileType = sourcecode.swift; path = EmptyStateView.swift; sourceTree = "<group>"; };
		5ABC60AD22F80F4000A72659 /* EmptyStateView.xib */ = {isa = PBXFileReference; lastKnownFileType = file.xib; path = EmptyStateView.xib; sourceTree = "<group>"; };
		5ABC60B022F8158300A72659 /* UnderlinedButton.swift */ = {isa = PBXFileReference; lastKnownFileType = sourcecode.swift; path = UnderlinedButton.swift; sourceTree = "<group>"; };
		5ABC60B222F834B900A72659 /* ScrollView+pagging.swift */ = {isa = PBXFileReference; lastKnownFileType = sourcecode.swift; path = "ScrollView+pagging.swift"; sourceTree = "<group>"; };
		5ABDA9622297D83C001E6D62 /* Mock.generated.swift */ = {isa = PBXFileReference; fileEncoding = 4; lastKnownFileType = sourcecode.swift; path = Mock.generated.swift; sourceTree = "<group>"; };
		5ACE92B1227EEF1C009092D8 /* ArrayElementSpec.swift */ = {isa = PBXFileReference; lastKnownFileType = sourcecode.swift; path = ArrayElementSpec.swift; sourceTree = "<group>"; };
		5ACE92B6227F4B8F009092D8 /* StringReplacingSpec.swift */ = {isa = PBXFileReference; lastKnownFileType = sourcecode.swift; path = StringReplacingSpec.swift; sourceTree = "<group>"; };
		5ACE92B8227F5135009092D8 /* StringSubstringSpec.swift */ = {isa = PBXFileReference; lastKnownFileType = sourcecode.swift; path = StringSubstringSpec.swift; sourceTree = "<group>"; };
		5ACF2B14231D8F47007FF4C9 /* RealmExpensesRepositoryFactory.swift */ = {isa = PBXFileReference; lastKnownFileType = sourcecode.swift; path = RealmExpensesRepositoryFactory.swift; sourceTree = "<group>"; };
		5AF085B6227A44D3006CE614 /* RealmExpensesRepositorySpec.swift */ = {isa = PBXFileReference; lastKnownFileType = sourcecode.swift; path = RealmExpensesRepositorySpec.swift; sourceTree = "<group>"; };
		5AF2856522F3F44A001AC3DF /* DayExpenseListPresenter.swift */ = {isa = PBXFileReference; fileEncoding = 4; lastKnownFileType = sourcecode.swift; path = DayExpenseListPresenter.swift; sourceTree = "<group>"; };
		5AF2856822F3F5C9001AC3DF /* ExpenseListViewController.swift */ = {isa = PBXFileReference; lastKnownFileType = sourcecode.swift; path = ExpenseListViewController.swift; sourceTree = "<group>"; };
		5AF2856C22F3F797001AC3DF /* ExpenseListViewModel.swift */ = {isa = PBXFileReference; lastKnownFileType = sourcecode.swift; path = ExpenseListViewModel.swift; sourceTree = "<group>"; };
		5AF2856E22F437A9001AC3DF /* DefaultExpensesPresenter.swift */ = {isa = PBXFileReference; lastKnownFileType = sourcecode.swift; path = DefaultExpensesPresenter.swift; sourceTree = "<group>"; };
		5AF8B60C2298048F00654302 /* FormFieldContainerView.swift */ = {isa = PBXFileReference; lastKnownFileType = sourcecode.swift; path = FormFieldContainerView.swift; sourceTree = "<group>"; };
		5AF8B60E229804A900654302 /* FormFieldContainerView.xib */ = {isa = PBXFileReference; lastKnownFileType = file.xib; path = FormFieldContainerView.xib; sourceTree = "<group>"; };
		5AF8B614229878E500654302 /* FormFieldView.swift */ = {isa = PBXFileReference; lastKnownFileType = sourcecode.swift; path = FormFieldView.swift; sourceTree = "<group>"; };
		69A6FD05CF0C9C4A944FE7E5A547F893 /* ArrayGroupSpec.swift */ = {isa = PBXFileReference; lastKnownFileType = sourcecode.swift; path = ArrayGroupSpec.swift; sourceTree = "<group>"; };
		6E404879358782C7C011BCC4EC023390 /* Assets.xcassets */ = {isa = PBXFileReference; lastKnownFileType = folder.assetcatalog; path = Assets.xcassets; sourceTree = "<group>"; };
		6F936E723E0639B7472CF6D56C4B0987 /* DefaultAddExpensePresenter.swift */ = {isa = PBXFileReference; lastKnownFileType = sourcecode.swift; path = DefaultAddExpensePresenter.swift; sourceTree = "<group>"; };
		79849DF7C8A6DFEFE8F308ACC782CBFE /* AddExpenseModuleBuilder.swift */ = {isa = PBXFileReference; lastKnownFileType = sourcecode.swift; path = AddExpenseModuleBuilder.swift; sourceTree = "<group>"; };
		7BB589B09DE19B3EA5431250FB8274EA /* AddExpenseViewController.swift */ = {isa = PBXFileReference; lastKnownFileType = sourcecode.swift; path = AddExpenseViewController.swift; sourceTree = "<group>"; };
		8BE82D0DA97CC45D08212CB307A6C7A3 /* AmountFormatterSpec.swift */ = {isa = PBXFileReference; lastKnownFileType = sourcecode.swift; path = AmountFormatterSpec.swift; sourceTree = "<group>"; };
		980B1923E1C31ED4A6B64872BCDC6961 /* ExpenseListCell.swift */ = {isa = PBXFileReference; lastKnownFileType = sourcecode.swift; path = ExpenseListCell.swift; sourceTree = "<group>"; };
		9DE731A714AD3D6F1AA1518F08507454 /* ExpenseListHeaderView.swift */ = {isa = PBXFileReference; lastKnownFileType = sourcecode.swift; path = ExpenseListHeaderView.swift; sourceTree = "<group>"; };
		ABF71E15A4C94355DDA1C916AF2F06A3 /* AppDelegate.swift */ = {isa = PBXFileReference; lastKnownFileType = sourcecode.swift; path = AppDelegate.swift; sourceTree = "<group>"; };
		B3ACB34EDF298E01FC6592700C9B1AD3 /* UIView+nib.swift */ = {isa = PBXFileReference; lastKnownFileType = sourcecode.swift; path = "UIView+nib.swift"; sourceTree = "<group>"; };
		B6B34B756C7C214FB2A5E9DEAF10DDDB /* Kakebo.app */ = {isa = PBXFileReference; explicitFileType = wrapper.application; includeInIndex = 0; path = Kakebo.app; sourceTree = BUILT_PRODUCTS_DIR; };
		B75AA432513FB3621AFFDD76C7210792 /* ExpensesViewController.swift */ = {isa = PBXFileReference; lastKnownFileType = sourcecode.swift; path = ExpensesViewController.swift; sourceTree = "<group>"; };
		D1F8266052C2C5092491DF56B5C876AB /* AddExpenseRouter.swift */ = {isa = PBXFileReference; lastKnownFileType = sourcecode.swift; path = AddExpenseRouter.swift; sourceTree = "<group>"; };
		D2564D201747F14FF6502A4F /* Pods-Kakebo.debug.xcconfig */ = {isa = PBXFileReference; includeInIndex = 1; lastKnownFileType = text.xcconfig; name = "Pods-Kakebo.debug.xcconfig"; path = "Target Support Files/Pods-Kakebo/Pods-Kakebo.debug.xcconfig"; sourceTree = "<group>"; };
		D902971A2351D28600681BFC /* CalendarFormFieldView.swift */ = {isa = PBXFileReference; lastKnownFileType = sourcecode.swift; path = CalendarFormFieldView.swift; sourceTree = "<group>"; };
		D902971C2351D2AF00681BFC /* CalendarFormFieldView.xib */ = {isa = PBXFileReference; lastKnownFileType = file.xib; path = CalendarFormFieldView.xib; sourceTree = "<group>"; };
		D90297202351D79200681BFC /* CalendarFormFieldKeyboardView.xib */ = {isa = PBXFileReference; lastKnownFileType = file.xib; path = CalendarFormFieldKeyboardView.xib; sourceTree = "<group>"; };
		D90297222352386D00681BFC /* CalendarFormFieldKeyboardView.swift */ = {isa = PBXFileReference; fileEncoding = 4; lastKnownFileType = sourcecode.swift; path = CalendarFormFieldKeyboardView.swift; sourceTree = "<group>"; };
		D9121B10241A793D0025DEA2 /* TimeValidator.swift */ = {isa = PBXFileReference; lastKnownFileType = sourcecode.swift; path = TimeValidator.swift; sourceTree = "<group>"; };
		D9121B12241A7F650025DEA2 /* TimeValidatorSpec.swift */ = {isa = PBXFileReference; lastKnownFileType = sourcecode.swift; path = TimeValidatorSpec.swift; sourceTree = "<group>"; };
		D95E5AEE2415512B00CB77F0 /* TimeFormatter.swift */ = {isa = PBXFileReference; lastKnownFileType = sourcecode.swift; path = TimeFormatter.swift; sourceTree = "<group>"; };
		D95E5AF02415514800CB77F0 /* TimerFormatterSpec.swift */ = {isa = PBXFileReference; lastKnownFileType = sourcecode.swift; path = TimerFormatterSpec.swift; sourceTree = "<group>"; };
		D95E5AF2241554AA00CB77F0 /* TimeFormFieldPresenter.swift */ = {isa = PBXFileReference; lastKnownFileType = sourcecode.swift; path = TimeFormFieldPresenter.swift; sourceTree = "<group>"; };
		D95E5AF4241556E200CB77F0 /* TimeFormFieldPresenterSpec.swift */ = {isa = PBXFileReference; lastKnownFileType = sourcecode.swift; path = TimeFormFieldPresenterSpec.swift; sourceTree = "<group>"; };
		D96E14DB245DBE9800257E4E /* CategorySelectorModuleBuilder.swift */ = {isa = PBXFileReference; lastKnownFileType = sourcecode.swift; path = CategorySelectorModuleBuilder.swift; sourceTree = "<group>"; };
		D96E14DE245DBF5400257E4E /* CategorySelectorViewController.swift */ = {isa = PBXFileReference; lastKnownFileType = sourcecode.swift; path = CategorySelectorViewController.swift; sourceTree = "<group>"; };
		D96E14E0245DC16300257E4E /* CategorySelectorViewController.xib */ = {isa = PBXFileReference; lastKnownFileType = file.xib; path = CategorySelectorViewController.xib; sourceTree = "<group>"; };
		D96E14E3245DC59E00257E4E /* CategorySelectorPresenter.swift */ = {isa = PBXFileReference; lastKnownFileType = sourcecode.swift; path = CategorySelectorPresenter.swift; sourceTree = "<group>"; };
		D97586AE245DD83A00CE880A /* AddCategoryModuleBuilder.swift */ = {isa = PBXFileReference; lastKnownFileType = sourcecode.swift; path = AddCategoryModuleBuilder.swift; sourceTree = "<group>"; };
		D97586B5245DD97D00CE880A /* CategorySelectorRouter.swift */ = {isa = PBXFileReference; lastKnownFileType = sourcecode.swift; path = CategorySelectorRouter.swift; sourceTree = "<group>"; };
		D9A013DB24548A020096B511 /* OptionsFormFieldView.swift */ = {isa = PBXFileReference; lastKnownFileType = sourcecode.swift; path = OptionsFormFieldView.swift; sourceTree = "<group>"; };
		D9A013DD24548A3B0096B511 /* OptionsFormFieldView.xib */ = {isa = PBXFileReference; lastKnownFileType = file.xib; path = OptionsFormFieldView.xib; sourceTree = "<group>"; };
		D9CB02332352FE99006C8F5F /* CalendarFormFieldViewCell.swift */ = {isa = PBXFileReference; lastKnownFileType = sourcecode.swift; path = CalendarFormFieldViewCell.swift; sourceTree = "<group>"; };
		D9CB02342352FE99006C8F5F /* CalendarFormFieldViewCell.xib */ = {isa = PBXFileReference; lastKnownFileType = file.xib; path = CalendarFormFieldViewCell.xib; sourceTree = "<group>"; };
		D9CB02372352FF9A006C8F5F /* CollectionView+register.swift */ = {isa = PBXFileReference; lastKnownFileType = sourcecode.swift; path = "CollectionView+register.swift"; sourceTree = "<group>"; };
		D9CB0239235308BD006C8F5F /* Color+random.swift */ = {isa = PBXFileReference; lastKnownFileType = sourcecode.swift; path = "Color+random.swift"; sourceTree = "<group>"; };
		D9D9DDFA240A69A200701340 /* ExpenseListModuleBuilder.swift */ = {isa = PBXFileReference; lastKnownFileType = sourcecode.swift; path = ExpenseListModuleBuilder.swift; sourceTree = "<group>"; };
		D9D9DE02240A6BE600701340 /* OnDateExpenseListPresenter.swift */ = {isa = PBXFileReference; lastKnownFileType = sourcecode.swift; path = OnDateExpenseListPresenter.swift; sourceTree = "<group>"; };
		D9D9DE04240A7F9A00701340 /* ExpenseListMapper.swift */ = {isa = PBXFileReference; lastKnownFileType = sourcecode.swift; path = ExpenseListMapper.swift; sourceTree = "<group>"; };
		D9D9DE07240A88A300701340 /* ExpenseListRouter.swift */ = {isa = PBXFileReference; lastKnownFileType = sourcecode.swift; path = ExpenseListRouter.swift; sourceTree = "<group>"; };
		D9D9DE0A240A8AE600701340 /* Date+components.swift */ = {isa = PBXFileReference; lastKnownFileType = sourcecode.swift; path = "Date+components.swift"; sourceTree = "<group>"; };
		E398622115AB63A32ABABCF65868AB5E /* Array+element.swift */ = {isa = PBXFileReference; lastKnownFileType = sourcecode.swift; path = "Array+element.swift"; sourceTree = "<group>"; };
		E5C6261B09E1F63A019CB4EFAA5A1815 /* String+replacing.swift */ = {isa = PBXFileReference; lastKnownFileType = sourcecode.swift; path = "String+replacing.swift"; sourceTree = "<group>"; };
		E78FB59D8954684F220322B118CC7680 /* String+subscript.swift */ = {isa = PBXFileReference; lastKnownFileType = sourcecode.swift; path = "String+subscript.swift"; sourceTree = "<group>"; };
		E7BDBDB7D76EF40F0FCE79AE7A4AEEB4 /* ExpensesModuleBuilder.swift */ = {isa = PBXFileReference; lastKnownFileType = sourcecode.swift; path = ExpensesModuleBuilder.swift; sourceTree = "<group>"; };
		F1C698838244DB5DF92C383B698B1FC1 /* TextFormFieldView.swift */ = {isa = PBXFileReference; lastKnownFileType = sourcecode.swift; path = TextFormFieldView.swift; sourceTree = "<group>"; };
		F2DB32A3BB799C7262F001C1807C9CA5 /* AmountFormatter.swift */ = {isa = PBXFileReference; lastKnownFileType = sourcecode.swift; path = AmountFormatter.swift; sourceTree = "<group>"; };
		F469BE2DBCE3CDCF547181257E0963D4 /* TableView+register.swift */ = {isa = PBXFileReference; lastKnownFileType = sourcecode.swift; path = "TableView+register.swift"; sourceTree = "<group>"; };
		F51C48EBC4F77637D394B9A59488ED0E /* ExpenseListCell.xib */ = {isa = PBXFileReference; lastKnownFileType = file.xib; path = ExpenseListCell.xib; sourceTree = "<group>"; };
		F62097DE0CC6568F323DEF40FAC073E0 /* Localization.swift */ = {isa = PBXFileReference; lastKnownFileType = sourcecode.swift; path = Localization.swift; sourceTree = "<group>"; };
		FF5226C8F20345613BAEB240E4AAF93C /* TableView+delete.swift */ = {isa = PBXFileReference; lastKnownFileType = sourcecode.swift; path = "TableView+delete.swift"; sourceTree = "<group>"; };
/* End PBXFileReference section */

/* Begin PBXFrameworksBuildPhase section */
		431807D37812C8C2942FECFE00BAA15B /* Frameworks */ = {
			isa = PBXFrameworksBuildPhase;
			buildActionMask = 2147483647;
			files = (
				5665355E46B9AAF166920A1E /* Pods_KakeboTests.framework in Frameworks */,
			);
			runOnlyForDeploymentPostprocessing = 0;
		};
		D9F528B5D8A09E3A953DB513113CA1F5 /* Frameworks */ = {
			isa = PBXFrameworksBuildPhase;
			buildActionMask = 2147483647;
			files = (
				4E4782FCFB7302C116155205 /* Pods_Kakebo.framework in Frameworks */,
			);
			runOnlyForDeploymentPostprocessing = 0;
		};
/* End PBXFrameworksBuildPhase section */

/* Begin PBXGroup section */
		034D3B760798F27BEA0E41AD045A17FA /* Formatters */ = {
			isa = PBXGroup;
			children = (
				F2DB32A3BB799C7262F001C1807C9CA5 /* AmountFormatter.swift */,
				5A1E8423228F3CA2008DA9D1 /* GeneralDateFormatter.swift */,
				D95E5AEE2415512B00CB77F0 /* TimeFormatter.swift */,
			);
			path = Formatters;
			sourceTree = "<group>";
		};
		09DB4F9AD1B43029FFA33FDC13A2B33C /* Frameworks */ = {
			isa = PBXGroup;
			children = (
				46B58BEBFCEC65008A58B4E9 /* Pods_Kakebo.framework */,
				20C6F058278EE2C82EE70C1B /* Pods_KakeboTests.framework */,
			);
			name = Frameworks;
			sourceTree = "<group>";
		};
		1A8F70F1036E5BDD5E8BA268D7E71E50 /* Modules */ = {
			isa = PBXGroup;
			children = (
				D97586AD245DD82C00CE880A /* AddCategory */,
				D96E14DA245DBE8600257E4E /* CategorySelector */,
				60C640ECF64115DAECDF24D83DCA4362 /* AddExpense */,
				92B02554DB54B8C438517355CFE5432A /* Expenses */,
			);
			path = Modules;
			sourceTree = "<group>";
		};
		2219573B0760C159652545D015349F62 /* Utils */ = {
			isa = PBXGroup;
			children = (
				57EE6CB4B6D52E610D39426E6A62B879 /* SectionsSpec.swift */,
			);
			path = Utils;
			sourceTree = "<group>";
		};
		2E9D7B5F11EBAD4BAA1848E2DC6E0FFB /* Presenter */ = {
			isa = PBXGroup;
			children = (
				6F936E723E0639B7472CF6D56C4B0987 /* DefaultAddExpensePresenter.swift */,
			);
			path = Presenter;
			sourceTree = "<group>";
		};
		36F007951E414CA8D634534487C240C1 /* KakeboTests */ = {
			isa = PBXGroup;
			children = (
				5ABDA9622297D83C001E6D62 /* Mock.generated.swift */,
				16A005027CECFFF92C1104DE86D57301 /* Info.plist */,
				5AF085B4227A44B8006CE614 /* Repositories */,
				BEFFFE5708C6D1454CFBA10B2A9D29C4 /* Common */,
			);
			path = KakeboTests;
			sourceTree = "<group>";
		};
		4C0FD5AEF504511078D6C24BED82B4E3 /* Cell */ = {
			isa = PBXGroup;
			children = (
				980B1923E1C31ED4A6B64872BCDC6961 /* ExpenseListCell.swift */,
				F51C48EBC4F77637D394B9A59488ED0E /* ExpenseListCell.xib */,
			);
			path = Cell;
			sourceTree = "<group>";
		};
		58C502E86B2FE5E132C184B9F2B6D928 /* Kakebo */ = {
			isa = PBXGroup;
			children = (
				1221A1A2ECC92424C5DD1F427AC2E3A8 /* Info.plist */,
				5A50EDFF228B37AD00EECB30 /* App */,
				FD08A59E93AA36F6E35836C6EDD22B4B /* Common */,
				1A8F70F1036E5BDD5E8BA268D7E71E50 /* Modules */,
				F2474A9EF1D84B8E877D23E190AFA9FA /* Repositories */,
				5A50EDFE228B372400EECB30 /* Resources */,
			);
			path = Kakebo;
			sourceTree = "<group>";
		};
		5A0B65AE2289FCE900DA6587 /* Input */ = {
			isa = PBXGroup;
			children = (
				5A50EDF9228B303900EECB30 /* InputFormFieldView.swift */,
				5A93CACF228A48E50066ED4F /* InputFormFieldView.xib */,
				5A2C3EB6228AEB8300D3F019 /* AmountFormFieldPresenter.swift */,
				5A50EDFB228B311000EECB30 /* DateFormFieldPresenter.swift */,
				D95E5AF2241554AA00CB77F0 /* TimeFormFieldPresenter.swift */,
			);
			path = Input;
			sourceTree = "<group>";
		};
		5A2C3EB8228AF29C00D3F019 /* Form */ = {
			isa = PBXGroup;
			children = (
				D95E5AF62415576500CB77F0 /* Presenters */,
				D9121B14241A7F710025DEA2 /* Validators */,
				5A25B5AE22A98CAE007AE357 /* FormFieldModelSpec.swift */,
			);
			path = Form;
			sourceTree = "<group>";
		};
		5A41D9F12281EEA300794A8F /* Form */ = {
			isa = PBXGroup;
			children = (
				5A50EDF7228B2D4100EECB30 /* FormStyle.swift */,
				5A45F1B422820EAA0005AA68 /* FormView.swift */,
				5A45F1B62282170D0005AA68 /* FormBuilder.swift */,
				5A0B65AF2289FEFA00DA6587 /* FormFieldModel.swift */,
				D9A013DF24548A9F0096B511 /* Fields */,
				5A4C5EB1229ACD9D00E7C155 /* Validators */,
			);
			path = Form;
			sourceTree = "<group>";
		};
		5A41D9F22281EEA900794A8F /* Text */ = {
			isa = PBXGroup;
			children = (
				F1C698838244DB5DF92C383B698B1FC1 /* TextFormFieldView.swift */,
				5A41D9F32281EED400794A8F /* TextFormFieldView.xib */,
			);
			path = Text;
			sourceTree = "<group>";
		};
		5A4C5EB1229ACD9D00E7C155 /* Validators */ = {
			isa = PBXGroup;
			children = (
				5A4C5EB2229ACDA800E7C155 /* Validator.swift */,
				D9121B10241A793D0025DEA2 /* TimeValidator.swift */,
			);
			path = Validators;
			sourceTree = "<group>";
		};
		5A50EDFE228B372400EECB30 /* Resources */ = {
			isa = PBXGroup;
			children = (
				6E404879358782C7C011BCC4EC023390 /* Assets.xcassets */,
				225C673CE7E89A21FD3D6BFBCA38E827 /* LaunchScreen.storyboard */,
			);
			path = Resources;
			sourceTree = "<group>";
		};
		5A50EDFF228B37AD00EECB30 /* App */ = {
			isa = PBXGroup;
			children = (
				ABF71E15A4C94355DDA1C916AF2F06A3 /* AppDelegate.swift */,
			);
			path = App;
			sourceTree = "<group>";
		};
		5A68398E22F85CAA0032369D /* List */ = {
			isa = PBXGroup;
			children = (
				D9D9DE06240A888C00701340 /* Router */,
				5A68399222F85DD30032369D /* View */,
				5A68399122F85D2A0032369D /* Presenter */,
			);
			path = List;
			sourceTree = "<group>";
		};
		5A68399122F85D2A0032369D /* Presenter */ = {
			isa = PBXGroup;
			children = (
				5AF2856522F3F44A001AC3DF /* DayExpenseListPresenter.swift */,
				5A68398C22F85A380032369D /* MonthExpenseListPresenter.swift */,
				D9D9DE02240A6BE600701340 /* OnDateExpenseListPresenter.swift */,
			);
			path = Presenter;
			sourceTree = "<group>";
		};
		5A68399222F85DD30032369D /* View */ = {
			isa = PBXGroup;
			children = (
				5AF2856822F3F5C9001AC3DF /* ExpenseListViewController.swift */,
				5A91DFBB22F75B4F0004654C /* ExpenseListViewController.xib */,
				4C0FD5AEF504511078D6C24BED82B4E3 /* Cell */,
				E5F564ACD8EF229016AD725A4C531F7D /* Header */,
			);
			path = View;
			sourceTree = "<group>";
		};
		5A6C60E722AADFD10054F1FB /* Selector */ = {
			isa = PBXGroup;
			children = (
				5A6C60EA22AADFF80054F1FB /* ExpenseListSelectorView.swift */,
				5A6C60E822AADFEE0054F1FB /* ExpenseListSelectorView.xib */,
			);
			path = Selector;
			sourceTree = "<group>";
		};
		5A830C3C228AAF9900FF6DF1 /* Style */ = {
			isa = PBXGroup;
			children = (
				5A830C3D228AAFA100FF6DF1 /* Style.swift */,
				5A50EE00228B38E200EECB30 /* Colors.swift */,
				5A50EE02228B392B00EECB30 /* Fonts.swift */,
			);
			path = Style;
			sourceTree = "<group>";
		};
		5A830C3F228AAFDA00FF6DF1 /* Color */ = {
			isa = PBXGroup;
			children = (
				5A830C40228AAFE100FF6DF1 /* Color+hex.swift */,
				D9CB0239235308BD006C8F5F /* Color+random.swift */,
			);
			path = Color;
			sourceTree = "<group>";
		};
		5ABC60A922F80F1300A72659 /* View */ = {
			isa = PBXGroup;
			children = (
				5ABC60AF22F8157900A72659 /* Button */,
				5ABC60AA22F80F1700A72659 /* Empty */,
			);
			path = View;
			sourceTree = "<group>";
		};
		5ABC60AA22F80F1700A72659 /* Empty */ = {
			isa = PBXGroup;
			children = (
				5ABC60AB22F80F2000A72659 /* EmptyStateView.swift */,
				5ABC60AD22F80F4000A72659 /* EmptyStateView.xib */,
			);
			path = Empty;
			sourceTree = "<group>";
		};
		5ABC60AF22F8157900A72659 /* Button */ = {
			isa = PBXGroup;
			children = (
				5ABC60B022F8158300A72659 /* UnderlinedButton.swift */,
			);
			path = Button;
			sourceTree = "<group>";
		};
		5ACE92B3227F4B47009092D8 /* Array */ = {
			isa = PBXGroup;
			children = (
				E398622115AB63A32ABABCF65868AB5E /* Array+element.swift */,
				0341F65A7795C044A8EB202B04D07B28 /* Array+group.swift */,
			);
			path = Array;
			sourceTree = "<group>";
		};
		5ACE92B4227F4B50009092D8 /* String */ = {
			isa = PBXGroup;
			children = (
				E5C6261B09E1F63A019CB4EFAA5A1815 /* String+replacing.swift */,
				E78FB59D8954684F220322B118CC7680 /* String+subscript.swift */,
			);
			path = String;
			sourceTree = "<group>";
		};
		5ACE92B5227F4B5F009092D8 /* View */ = {
			isa = PBXGroup;
			children = (
				FF5226C8F20345613BAEB240E4AAF93C /* TableView+delete.swift */,
				F469BE2DBCE3CDCF547181257E0963D4 /* TableView+register.swift */,
				B3ACB34EDF298E01FC6592700C9B1AD3 /* UIView+nib.swift */,
				5ABC60B222F834B900A72659 /* ScrollView+pagging.swift */,
				D9CB02372352FF9A006C8F5F /* CollectionView+register.swift */,
			);
			path = View;
			sourceTree = "<group>";
		};
		5AF085B4227A44B8006CE614 /* Repositories */ = {
			isa = PBXGroup;
			children = (
				5AF085B5227A44BE006CE614 /* Expenses */,
			);
			path = Repositories;
			sourceTree = "<group>";
		};
		5AF085B5227A44BE006CE614 /* Expenses */ = {
			isa = PBXGroup;
			children = (
				5AF085B6227A44D3006CE614 /* RealmExpensesRepositorySpec.swift */,
			);
			path = Expenses;
			sourceTree = "<group>";
		};
		5AF2856422F3F3E9001AC3DF /* View */ = {
			isa = PBXGroup;
			children = (
				B75AA432513FB3621AFFDD76C7210792 /* ExpensesViewController.swift */,
				0C789E0BA520F100B39CF1308ADE8C2C /* ExpensesViewController.xib */,
				5A68398E22F85CAA0032369D /* List */,
				5A6C60E722AADFD10054F1FB /* Selector */,
			);
			path = View;
			sourceTree = "<group>";
		};
		5AF2856A22F3F77C001AC3DF /* Presenter */ = {
			isa = PBXGroup;
			children = (
				5AF2856E22F437A9001AC3DF /* DefaultExpensesPresenter.swift */,
			);
			path = Presenter;
			sourceTree = "<group>";
		};
		5AF2856B22F3F78D001AC3DF /* Model */ = {
			isa = PBXGroup;
			children = (
				5AF2856C22F3F797001AC3DF /* ExpenseListViewModel.swift */,
				D9D9DE04240A7F9A00701340 /* ExpenseListMapper.swift */,
			);
			path = Model;
			sourceTree = "<group>";
		};
		5AF8B60B2298047300654302 /* FieldContainer */ = {
			isa = PBXGroup;
			children = (
				5AF8B60C2298048F00654302 /* FormFieldContainerView.swift */,
				5AF8B60E229804A900654302 /* FormFieldContainerView.xib */,
				5AF8B614229878E500654302 /* FormFieldView.swift */,
			);
			path = FieldContainer;
			sourceTree = "<group>";
		};
		60C640ECF64115DAECDF24D83DCA4362 /* AddExpense */ = {
			isa = PBXGroup;
			children = (
				79849DF7C8A6DFEFE8F308ACC782CBFE /* AddExpenseModuleBuilder.swift */,
				2E9D7B5F11EBAD4BAA1848E2DC6E0FFB /* Presenter */,
				F8D3D227CEEA88163181570CFFD33B36 /* Router */,
				B83E25F267D68AE041747D536F7BD6DE /* View */,
			);
			path = AddExpense;
			sourceTree = "<group>";
		};
		6D121539551D4D6B777FCD1CC59CA39F /* Expenses */ = {
			isa = PBXGroup;
			children = (
				321790082891000F97DCD6916BE8B926 /* ExpensesRepository.swift */,
				0DCF2CE15E775EA5476A1AE6AC053ABA /* RealmExpensesRepository.swift */,
				5ACF2B14231D8F47007FF4C9 /* RealmExpensesRepositoryFactory.swift */,
			);
			path = Expenses;
			sourceTree = "<group>";
		};
		77E87CF15B8892B2D5755798FF042F3E /* Formatters */ = {
			isa = PBXGroup;
			children = (
				8BE82D0DA97CC45D08212CB307A6C7A3 /* AmountFormatterSpec.swift */,
				5A1E8425228F3D12008DA9D1 /* GeneralDateFormatterSpec.swift */,
				D95E5AF02415514800CB77F0 /* TimerFormatterSpec.swift */,
			);
			path = Formatters;
			sourceTree = "<group>";
		};
		8B879AF1C8329B529BB5DB5D /* Pods */ = {
			isa = PBXGroup;
			children = (
				D2564D201747F14FF6502A4F /* Pods-Kakebo.debug.xcconfig */,
				3B10A56ECCEF411FC76A4E3A /* Pods-Kakebo.release.xcconfig */,
				4F1F8F5FE99128803DD017B1 /* Pods-KakeboTests.debug.xcconfig */,
				243B3D8E92366CCF1998D1A6 /* Pods-KakeboTests.release.xcconfig */,
			);
			path = Pods;
			sourceTree = "<group>";
		};
		92B02554DB54B8C438517355CFE5432A /* Expenses */ = {
			isa = PBXGroup;
			children = (
				E7BDBDB7D76EF40F0FCE79AE7A4AEEB4 /* ExpensesModuleBuilder.swift */,
				D9D9DDFA240A69A200701340 /* ExpenseListModuleBuilder.swift */,
				5AF2856B22F3F78D001AC3DF /* Model */,
				A3CE59BBDF9EF652D6E3DE24538541B3 /* Router */,
				5AF2856A22F3F77C001AC3DF /* Presenter */,
				5AF2856422F3F3E9001AC3DF /* View */,
			);
			path = Expenses;
			sourceTree = "<group>";
		};
		9DEE840CC9BE7693CF6C8EC036D49CEB /* Products */ = {
			isa = PBXGroup;
			children = (
				B6B34B756C7C214FB2A5E9DEAF10DDDB /* Kakebo.app */,
				080611C5D7452ABAF94DF32A608C5053 /* KakeboTests.xctest */,
			);
			name = Products;
			sourceTree = "<group>";
		};
		A3CE59BBDF9EF652D6E3DE24538541B3 /* Router */ = {
			isa = PBXGroup;
			children = (
				4FC5FE37050C524A1C308F902AB9DA79 /* ExpensesRouter.swift */,
			);
			path = Router;
			sourceTree = "<group>";
		};
		B83E25F267D68AE041747D536F7BD6DE /* View */ = {
			isa = PBXGroup;
			children = (
				7BB589B09DE19B3EA5431250FB8274EA /* AddExpenseViewController.swift */,
				40E7B830AF25D9E7125E0313E8BC8D82 /* AddExpenseViewController.xib */,
			);
			path = View;
			sourceTree = "<group>";
		};
		B8C5E62B75DA354C386BCD8357A53629 /* Extensions */ = {
			isa = PBXGroup;
			children = (
				69A6FD05CF0C9C4A944FE7E5A547F893 /* ArrayGroupSpec.swift */,
				5ACE92B1227EEF1C009092D8 /* ArrayElementSpec.swift */,
				5ACE92B6227F4B8F009092D8 /* StringReplacingSpec.swift */,
				5ACE92B8227F5135009092D8 /* StringSubstringSpec.swift */,
			);
			path = Extensions;
			sourceTree = "<group>";
		};
		BC08D386F753FB1E4B0DEA6F1E2E4574 /* Utils */ = {
			isa = PBXGroup;
			children = (
				F62097DE0CC6568F323DEF40FAC073E0 /* Localization.swift */,
				422426E5194B147159B3009BBF19FFDD /* Sections.swift */,
			);
			path = Utils;
			sourceTree = "<group>";
		};
		BEFFFE5708C6D1454CFBA10B2A9D29C4 /* Common */ = {
			isa = PBXGroup;
			children = (
				5A2C3EB8228AF29C00D3F019 /* Form */,
				B8C5E62B75DA354C386BCD8357A53629 /* Extensions */,
				77E87CF15B8892B2D5755798FF042F3E /* Formatters */,
				2219573B0760C159652545D015349F62 /* Utils */,
			);
			path = Common;
			sourceTree = "<group>";
		};
		C618CADF64C490671D7B52F0C5AB5D42 = {
			isa = PBXGroup;
			children = (
				58C502E86B2FE5E132C184B9F2B6D928 /* Kakebo */,
				36F007951E414CA8D634534487C240C1 /* KakeboTests */,
				09DB4F9AD1B43029FFA33FDC13A2B33C /* Frameworks */,
				9DEE840CC9BE7693CF6C8EC036D49CEB /* Products */,
				8B879AF1C8329B529BB5DB5D /* Pods */,
			);
			indentWidth = 2;
			sourceTree = "<group>";
			tabWidth = 2;
			usesTabs = 0;
		};
		D90297192351D23800681BFC /* Calendar */ = {
			isa = PBXGroup;
			children = (
				D902971A2351D28600681BFC /* CalendarFormFieldView.swift */,
				D902971C2351D2AF00681BFC /* CalendarFormFieldView.xib */,
				D90297242352388B00681BFC /* Keyboard */,
			);
			path = Calendar;
			sourceTree = "<group>";
		};
		D90297242352388B00681BFC /* Keyboard */ = {
			isa = PBXGroup;
			children = (
				D90297222352386D00681BFC /* CalendarFormFieldKeyboardView.swift */,
				D90297202351D79200681BFC /* CalendarFormFieldKeyboardView.xib */,
				D9CB02332352FE99006C8F5F /* CalendarFormFieldViewCell.swift */,
				D9CB02342352FE99006C8F5F /* CalendarFormFieldViewCell.xib */,
			);
			path = Keyboard;
			sourceTree = "<group>";
		};
		D9121B14241A7F710025DEA2 /* Validators */ = {
			isa = PBXGroup;
			children = (
				5A4C5EB4229AD33100E7C155 /* ValidatorsSpec.swift */,
				D9121B12241A7F650025DEA2 /* TimeValidatorSpec.swift */,
			);
			path = Validators;
			sourceTree = "<group>";
		};
		D95E5AF62415576500CB77F0 /* Presenters */ = {
			isa = PBXGroup;
			children = (
				5A2C3EB9228AF2AB00D3F019 /* AmountFormFieldPresenterSpec.swift */,
				D95E5AF4241556E200CB77F0 /* TimeFormFieldPresenterSpec.swift */,
			);
			path = Presenters;
			sourceTree = "<group>";
		};
		D96E14DA245DBE8600257E4E /* CategorySelector */ = {
			isa = PBXGroup;
			children = (
				D96E14DB245DBE9800257E4E /* CategorySelectorModuleBuilder.swift */,
				D97586B3245DD94900CE880A /* Router */,
				D96E14E2245DC59300257E4E /* Presenter */,
				D96E14DD245DBF4C00257E4E /* View */,
			);
			path = CategorySelector;
			sourceTree = "<group>";
		};
		D96E14DD245DBF4C00257E4E /* View */ = {
			isa = PBXGroup;
			children = (
				D96E14DE245DBF5400257E4E /* CategorySelectorViewController.swift */,
				D96E14E0245DC16300257E4E /* CategorySelectorViewController.xib */,
			);
			path = View;
			sourceTree = "<group>";
		};
		D96E14E2245DC59300257E4E /* Presenter */ = {
			isa = PBXGroup;
			children = (
				D96E14E3245DC59E00257E4E /* CategorySelectorPresenter.swift */,
			);
			path = Presenter;
			sourceTree = "<group>";
		};
		D97586AD245DD82C00CE880A /* AddCategory */ = {
			isa = PBXGroup;
			children = (
				D97586AE245DD83A00CE880A /* AddCategoryModuleBuilder.swift */,
			);
			path = AddCategory;
			sourceTree = "<group>";
		};
		D97586B3245DD94900CE880A /* Router */ = {
			isa = PBXGroup;
			children = (
				D97586B5245DD97D00CE880A /* CategorySelectorRouter.swift */,
			);
			path = Router;
			sourceTree = "<group>";
		};
		D9A013DA245489FB0096B511 /* Options */ = {
			isa = PBXGroup;
			children = (
				D9A013DB24548A020096B511 /* OptionsFormFieldView.swift */,
				D9A013DD24548A3B0096B511 /* OptionsFormFieldView.xib */,
			);
			path = Options;
			sourceTree = "<group>";
		};
		D9A013DF24548A9F0096B511 /* Fields */ = {
			isa = PBXGroup;
			children = (
				D9A013DA245489FB0096B511 /* Options */,
				D90297192351D23800681BFC /* Calendar */,
				5AF8B60B2298047300654302 /* FieldContainer */,
				5A0B65AE2289FCE900DA6587 /* Input */,
				5A41D9F22281EEA900794A8F /* Text */,
			);
			path = Fields;
			sourceTree = "<group>";
		};
		D9D9DE06240A888C00701340 /* Router */ = {
			isa = PBXGroup;
			children = (
				D9D9DE07240A88A300701340 /* ExpenseListRouter.swift */,
			);
			path = Router;
			sourceTree = "<group>";
		};
		D9D9DE09240A8ADD00701340 /* Date */ = {
			isa = PBXGroup;
			children = (
				D9D9DE0A240A8AE600701340 /* Date+components.swift */,
			);
			path = Date;
			sourceTree = "<group>";
		};
		E5F564ACD8EF229016AD725A4C531F7D /* Header */ = {
			isa = PBXGroup;
			children = (
				9DE731A714AD3D6F1AA1518F08507454 /* ExpenseListHeaderView.swift */,
				1329B943996EC7382077DC14A585FE29 /* ExpenseListHeaderView.xib */,
			);
			path = Header;
			sourceTree = "<group>";
		};
		F2474A9EF1D84B8E877D23E190AFA9FA /* Repositories */ = {
			isa = PBXGroup;
			children = (
				6D121539551D4D6B777FCD1CC59CA39F /* Expenses */,
			);
			path = Repositories;
			sourceTree = "<group>";
		};
		F8D3D227CEEA88163181570CFFD33B36 /* Router */ = {
			isa = PBXGroup;
			children = (
				D1F8266052C2C5092491DF56B5C876AB /* AddExpenseRouter.swift */,
			);
			path = Router;
			sourceTree = "<group>";
		};
		FC71E398EF37DFDAB0964A845EB114B2 /* Extensions */ = {
			isa = PBXGroup;
			children = (
				D9D9DE09240A8ADD00701340 /* Date */,
				5A830C3F228AAFDA00FF6DF1 /* Color */,
				5ACE92B3227F4B47009092D8 /* Array */,
				5ACE92B4227F4B50009092D8 /* String */,
				5ACE92B5227F4B5F009092D8 /* View */,
			);
			path = Extensions;
			sourceTree = "<group>";
		};
		FD08A59E93AA36F6E35836C6EDD22B4B /* Common */ = {
			isa = PBXGroup;
			children = (
				5ABC60A922F80F1300A72659 /* View */,
				5A830C3C228AAF9900FF6DF1 /* Style */,
				5A41D9F12281EEA300794A8F /* Form */,
				FC71E398EF37DFDAB0964A845EB114B2 /* Extensions */,
				034D3B760798F27BEA0E41AD045A17FA /* Formatters */,
				BC08D386F753FB1E4B0DEA6F1E2E4574 /* Utils */,
			);
			path = Common;
			sourceTree = "<group>";
		};
/* End PBXGroup section */

/* Begin PBXNativeTarget section */
		9D144BF9D4741CE607A2BAD3A130E34E /* KakeboTests */ = {
			isa = PBXNativeTarget;
			buildConfigurationList = D66279847B96FF1DB02D209B8EBF0E84 /* Build configuration list for PBXNativeTarget "KakeboTests" */;
			buildPhases = (
				C32D09BED92B1C97660C61E7 /* [CP] Check Pods Manifest.lock */,
				D94837B324628FB8005DFEA4 /* Mocks */,
				2F27755AB4D41FE365C86E8F3DCE7E61 /* Sources */,
				431807D37812C8C2942FECFE00BAA15B /* Frameworks */,
				716332F3E51EBF33FF945281 /* [CP] Embed Pods Frameworks */,
			);
			buildRules = (
			);
			dependencies = (
				107F6367A6AAE9EF7DFA67F1221EC7F8 /* PBXTargetDependency */,
			);
			name = KakeboTests;
			productName = KakeboTests;
			productReference = 080611C5D7452ABAF94DF32A608C5053 /* KakeboTests.xctest */;
			productType = "com.apple.product-type.bundle.unit-test";
		};
		D958918E2DA8339669D18954230B2EF4 /* Kakebo */ = {
			isa = PBXNativeTarget;
			buildConfigurationList = 5525ADE0F05DAE83349BF6A2235ADB9B /* Build configuration list for PBXNativeTarget "Kakebo" */;
			buildPhases = (
				AB8607E454A9F562B7543712 /* [CP] Check Pods Manifest.lock */,
				8F2775557FCF36A517FE4EAC0B7ABB04 /* Swift lint */,
				3D168973123E81312D25793A0E2630E1 /* Sources */,
				80C961031A9D3C15BA3CBA8B70F58ED1 /* Resources */,
				D9F528B5D8A09E3A953DB513113CA1F5 /* Frameworks */,
				87BAFB7B574F8A1D545F94E7 /* [CP] Embed Pods Frameworks */,
				D9E46444245E9CB400A9DD2D /* Embed Frameworks */,
			);
			buildRules = (
			);
			dependencies = (
			);
			name = Kakebo;
			productName = Kakebo;
			productReference = B6B34B756C7C214FB2A5E9DEAF10DDDB /* Kakebo.app */;
			productType = "com.apple.product-type.application";
		};
/* End PBXNativeTarget section */

/* Begin PBXProject section */
		997008456CD979097DB4C04CAF147C4F /* Project object */ = {
			isa = PBXProject;
			attributes = {
				LastSwiftUpdateCheck = 1140;
				LastUpgradeCheck = 1020;
				TargetAttributes = {
					9D144BF9D4741CE607A2BAD3A130E34E = {
						LastSwiftMigration = 1020;
						TestTargetID = D958918E2DA8339669D18954230B2EF4;
					};
					D958918E2DA8339669D18954230B2EF4 = {
						DevelopmentTeam = U45ZNT55FZ;
						LastSwiftMigration = 1020;
					};
				};
			};
			buildConfigurationList = F09F6512151170AD49C4AFADEBCD989D /* Build configuration list for PBXProject "Kakebo" */;
			compatibilityVersion = "Xcode 9.3";
			developmentRegion = en;
			hasScannedForEncodings = 0;
			knownRegions = (
				en,
				Base,
			);
			mainGroup = C618CADF64C490671D7B52F0C5AB5D42;
			productRefGroup = 9DEE840CC9BE7693CF6C8EC036D49CEB /* Products */;
			projectDirPath = "";
			projectRoot = "";
			targets = (
				D958918E2DA8339669D18954230B2EF4 /* Kakebo */,
				9D144BF9D4741CE607A2BAD3A130E34E /* KakeboTests */,
			);
		};
/* End PBXProject section */

/* Begin PBXResourcesBuildPhase section */
		80C961031A9D3C15BA3CBA8B70F58ED1 /* Resources */ = {
			isa = PBXResourcesBuildPhase;
			buildActionMask = 2147483647;
			files = (
				5AF8B60F229804A900654302 /* FormFieldContainerView.xib in Resources */,
				D90297212351D79200681BFC /* CalendarFormFieldKeyboardView.xib in Resources */,
				5A93CAD0228A48E50066ED4F /* InputFormFieldView.xib in Resources */,
				447A94FB3784972DFC36D17F84039C0B /* AddExpenseViewController.xib in Resources */,
				AB80C4C4D026FC02154ED4EB7EE441EC /* Assets.xcassets in Resources */,
				799628C939BE48A55A0CA33A26CC00EC /* ExpenseListCell.xib in Resources */,
				D9CB02362352FE99006C8F5F /* CalendarFormFieldViewCell.xib in Resources */,
				5A41D9F42281EED400794A8F /* TextFormFieldView.xib in Resources */,
				D9A013DE24548A3B0096B511 /* OptionsFormFieldView.xib in Resources */,
				5ABC60AE22F80F4000A72659 /* EmptyStateView.xib in Resources */,
				D96E14E1245DC16300257E4E /* CategorySelectorViewController.xib in Resources */,
				71D4873757587F941196A77256FB374A /* ExpenseListHeaderView.xib in Resources */,
				D902971D2351D2AF00681BFC /* CalendarFormFieldView.xib in Resources */,
				101EBE3A20A55FEA46927D2F1890EF69 /* ExpensesViewController.xib in Resources */,
				5A6C60E922AADFEE0054F1FB /* ExpenseListSelectorView.xib in Resources */,
				B8265A91F9823B3177F60B3C9C39F4FC /* LaunchScreen.storyboard in Resources */,
				5A91DFBC22F75B4F0004654C /* ExpenseListViewController.xib in Resources */,
			);
			runOnlyForDeploymentPostprocessing = 0;
		};
/* End PBXResourcesBuildPhase section */

/* Begin PBXShellScriptBuildPhase section */
		716332F3E51EBF33FF945281 /* [CP] Embed Pods Frameworks */ = {
			isa = PBXShellScriptBuildPhase;
			buildActionMask = 2147483647;
			files = (
			);
			inputFileListPaths = (
				"${PODS_ROOT}/Target Support Files/Pods-KakeboTests/Pods-KakeboTests-frameworks-${CONFIGURATION}-input-files.xcfilelist",
			);
			name = "[CP] Embed Pods Frameworks";
			outputFileListPaths = (
				"${PODS_ROOT}/Target Support Files/Pods-KakeboTests/Pods-KakeboTests-frameworks-${CONFIGURATION}-output-files.xcfilelist",
			);
			runOnlyForDeploymentPostprocessing = 0;
			shellPath = /bin/sh;
			shellScript = "\"${PODS_ROOT}/Target Support Files/Pods-KakeboTests/Pods-KakeboTests-frameworks.sh\"\n";
			showEnvVarsInLog = 0;
		};
		87BAFB7B574F8A1D545F94E7 /* [CP] Embed Pods Frameworks */ = {
			isa = PBXShellScriptBuildPhase;
			buildActionMask = 2147483647;
			files = (
			);
			inputFileListPaths = (
				"${PODS_ROOT}/Target Support Files/Pods-Kakebo/Pods-Kakebo-frameworks-${CONFIGURATION}-input-files.xcfilelist",
			);
			name = "[CP] Embed Pods Frameworks";
			outputFileListPaths = (
				"${PODS_ROOT}/Target Support Files/Pods-Kakebo/Pods-Kakebo-frameworks-${CONFIGURATION}-output-files.xcfilelist",
			);
			runOnlyForDeploymentPostprocessing = 0;
			shellPath = /bin/sh;
			shellScript = "\"${PODS_ROOT}/Target Support Files/Pods-Kakebo/Pods-Kakebo-frameworks.sh\"\n";
			showEnvVarsInLog = 0;
		};
		8F2775557FCF36A517FE4EAC0B7ABB04 /* Swift lint */ = {
			isa = PBXShellScriptBuildPhase;
			buildActionMask = 2147483647;
			files = (
			);
			inputFileListPaths = (
			);
			inputPaths = (
			);
			name = "Swift lint";
			outputFileListPaths = (
			);
			outputPaths = (
			);
			runOnlyForDeploymentPostprocessing = 0;
			shellPath = /bin/sh;
			shellScript = "if which swiftlint >/dev/null; then\n    swiftlint\nelse\n    echo \"warning: SwiftLint not installed, download from https://github.com/realm/SwiftLint\"\nfi\n";
		};
		AB8607E454A9F562B7543712 /* [CP] Check Pods Manifest.lock */ = {
			isa = PBXShellScriptBuildPhase;
			buildActionMask = 2147483647;
			files = (
			);
			inputFileListPaths = (
			);
			inputPaths = (
				"${PODS_PODFILE_DIR_PATH}/Podfile.lock",
				"${PODS_ROOT}/Manifest.lock",
			);
			name = "[CP] Check Pods Manifest.lock";
			outputFileListPaths = (
			);
			outputPaths = (
				"$(DERIVED_FILE_DIR)/Pods-Kakebo-checkManifestLockResult.txt",
			);
			runOnlyForDeploymentPostprocessing = 0;
			shellPath = /bin/sh;
			shellScript = "diff \"${PODS_PODFILE_DIR_PATH}/Podfile.lock\" \"${PODS_ROOT}/Manifest.lock\" > /dev/null\nif [ $? != 0 ] ; then\n    # print error to STDERR\n    echo \"error: The sandbox is not in sync with the Podfile.lock. Run 'pod install' or update your CocoaPods installation.\" >&2\n    exit 1\nfi\n# This output is used by Xcode 'outputs' to avoid re-running this script phase.\necho \"SUCCESS\" > \"${SCRIPT_OUTPUT_FILE_0}\"\n";
			showEnvVarsInLog = 0;
		};
		C32D09BED92B1C97660C61E7 /* [CP] Check Pods Manifest.lock */ = {
			isa = PBXShellScriptBuildPhase;
			buildActionMask = 2147483647;
			files = (
			);
			inputFileListPaths = (
			);
			inputPaths = (
				"${PODS_PODFILE_DIR_PATH}/Podfile.lock",
				"${PODS_ROOT}/Manifest.lock",
			);
			name = "[CP] Check Pods Manifest.lock";
			outputFileListPaths = (
			);
			outputPaths = (
				"$(DERIVED_FILE_DIR)/Pods-KakeboTests-checkManifestLockResult.txt",
			);
			runOnlyForDeploymentPostprocessing = 0;
			shellPath = /bin/sh;
			shellScript = "diff \"${PODS_PODFILE_DIR_PATH}/Podfile.lock\" \"${PODS_ROOT}/Manifest.lock\" > /dev/null\nif [ $? != 0 ] ; then\n    # print error to STDERR\n    echo \"error: The sandbox is not in sync with the Podfile.lock. Run 'pod install' or update your CocoaPods installation.\" >&2\n    exit 1\nfi\n# This output is used by Xcode 'outputs' to avoid re-running this script phase.\necho \"SUCCESS\" > \"${SCRIPT_OUTPUT_FILE_0}\"\n";
			showEnvVarsInLog = 0;
		};
		D94837B324628FB8005DFEA4 /* Mocks */ = {
			isa = PBXShellScriptBuildPhase;
			buildActionMask = 2147483647;
			files = (
			);
			inputFileListPaths = (
			);
			inputPaths = (
			);
			name = Mocks;
			outputFileListPaths = (
			);
			outputPaths = (
			);
			runOnlyForDeploymentPostprocessing = 0;
			shellPath = /bin/sh;
			shellScript = "swiftymocky generate\n";
		};
/* End PBXShellScriptBuildPhase section */

/* Begin PBXSourcesBuildPhase section */
		2F27755AB4D41FE365C86E8F3DCE7E61 /* Sources */ = {
			isa = PBXSourcesBuildPhase;
			buildActionMask = 2147483647;
			files = (
				D95E5AF12415514800CB77F0 /* TimerFormatterSpec.swift in Sources */,
				2272F3FF647D684F0CDF34965B784ED4 /* AmountFormatterSpec.swift in Sources */,
				5ACE92B7227F4B8F009092D8 /* StringReplacingSpec.swift in Sources */,
				5AF085B7227A44D3006CE614 /* RealmExpensesRepositorySpec.swift in Sources */,
				9C0AE6E0CEAB9666A83907737D17C808 /* ArrayGroupSpec.swift in Sources */,
				5ABDA9632297D83C001E6D62 /* Mock.generated.swift in Sources */,
				5A4C5EB5229AD33100E7C155 /* ValidatorsSpec.swift in Sources */,
				5A1E8426228F3D12008DA9D1 /* GeneralDateFormatterSpec.swift in Sources */,
				D95E5AF5241556E200CB77F0 /* TimeFormFieldPresenterSpec.swift in Sources */,
				5A25B5AF22A98CAE007AE357 /* FormFieldModelSpec.swift in Sources */,
				5ACE92B2227EEF1C009092D8 /* ArrayElementSpec.swift in Sources */,
				428EE57788FB80514F0AD4B2561F8FD7 /* SectionsSpec.swift in Sources */,
				D9121B13241A7F650025DEA2 /* TimeValidatorSpec.swift in Sources */,
				5A2C3EBA228AF2AB00D3F019 /* AmountFormFieldPresenterSpec.swift in Sources */,
				5ACE92B9227F5135009092D8 /* StringSubstringSpec.swift in Sources */,
			);
			runOnlyForDeploymentPostprocessing = 0;
		};
		3D168973123E81312D25793A0E2630E1 /* Sources */ = {
			isa = PBXSourcesBuildPhase;
			buildActionMask = 2147483647;
			files = (
				5AF2856F22F437A9001AC3DF /* DefaultExpensesPresenter.swift in Sources */,
				1545061EAB9E7FC72D6A2E682DC04A9F /* AddExpenseModuleBuilder.swift in Sources */,
				EDF4FFE1DF7BE30603FF3704A2B11CA6 /* AddExpenseRouter.swift in Sources */,
				D9CB02382352FF9A006C8F5F /* CollectionView+register.swift in Sources */,
				D9D9DDFB240A69A200701340 /* ExpenseListModuleBuilder.swift in Sources */,
				5ACF2B15231D8F47007FF4C9 /* RealmExpensesRepositoryFactory.swift in Sources */,
				A325415A485BD5354977AFE681EE7045 /* AddExpenseViewController.swift in Sources */,
				5AF8B615229878E500654302 /* FormFieldView.swift in Sources */,
				D96E14DC245DBE9800257E4E /* CategorySelectorModuleBuilder.swift in Sources */,
				5A4C5EB3229ACDA800E7C155 /* Validator.swift in Sources */,
				D9CB023A235308BD006C8F5F /* Color+random.swift in Sources */,
				D97586AF245DD83A00CE880A /* AddCategoryModuleBuilder.swift in Sources */,
				5A830C3E228AAFA100FF6DF1 /* Style.swift in Sources */,
				D9D9DE0B240A8AE600701340 /* Date+components.swift in Sources */,
				D96E14DF245DBF5400257E4E /* CategorySelectorViewController.swift in Sources */,
				5A1E8424228F3CA2008DA9D1 /* GeneralDateFormatter.swift in Sources */,
				5A830C41228AAFE100FF6DF1 /* Color+hex.swift in Sources */,
				D9D9DE03240A6BE600701340 /* OnDateExpenseListPresenter.swift in Sources */,
				323F24301A1E53DE441AF56D4E3FEFCB /* AmountFormatter.swift in Sources */,
				5A45F1B72282170D0005AA68 /* FormBuilder.swift in Sources */,
				5B915FE143322D23F918F64953B8CDCC /* AppDelegate.swift in Sources */,
				A66A5351279702857BD5D451E4840551 /* Array+element.swift in Sources */,
				8D6AE39A08FBCCCA53789677D16ECBCC /* Array+group.swift in Sources */,
				1D847E3A4FA872E67A402FA1068FAD72 /* DefaultAddExpensePresenter.swift in Sources */,
				5A50EDFA228B303900EECB30 /* InputFormFieldView.swift in Sources */,
				5ABC60B322F834B900A72659 /* ScrollView+pagging.swift in Sources */,
				5A50EDFC228B311000EECB30 /* DateFormFieldPresenter.swift in Sources */,
				8DF7788DE61ABC814ADBB3E5E8E3AB8E /* ExpenseListCell.swift in Sources */,
				AFEE71C49E68C5A673D7A42F5360540D /* ExpensesModuleBuilder.swift in Sources */,
				BA2F8EC21BC778A610708C621EE1F042 /* ExpensesRouter.swift in Sources */,
				FE10CEFEA4E8654443D866FF3C0B8C8C /* ExpenseListHeaderView.swift in Sources */,
				D9D9DE08240A88A300701340 /* ExpenseListRouter.swift in Sources */,
				61F9F205F0DEB544AFFABB970074328A /* ExpensesViewController.swift in Sources */,
				D9A013DC24548A020096B511 /* OptionsFormFieldView.swift in Sources */,
				5A2C3EB7228AEB8300D3F019 /* AmountFormFieldPresenter.swift in Sources */,
				D95E5AEF2415512B00CB77F0 /* TimeFormatter.swift in Sources */,
				0AD87E1E4C2E7483C884B52B64107E8D /* ExpensesRepository.swift in Sources */,
				EECFC2C39B9EE020B8F9BABB7701A5AF /* Localization.swift in Sources */,
				A18C56CDFDF3CC47426260B731A2FE96 /* RealmExpensesRepository.swift in Sources */,
				C4F15B3579C176C64492F2F6A94E70BE /* Sections.swift in Sources */,
				5ABC60AC22F80F2000A72659 /* EmptyStateView.swift in Sources */,
				D0518D4EBA9DCE9ABBF0680DD5136061 /* String+replacing.swift in Sources */,
				D9CB02352352FE99006C8F5F /* CalendarFormFieldViewCell.swift in Sources */,
				5A50EE01228B38E200EECB30 /* Colors.swift in Sources */,
				5A50EDF8228B2D4100EECB30 /* FormStyle.swift in Sources */,
				5AF2856622F3F44A001AC3DF /* DayExpenseListPresenter.swift in Sources */,
				D902971B2351D28600681BFC /* CalendarFormFieldView.swift in Sources */,
				5A0B65B02289FEFA00DA6587 /* FormFieldModel.swift in Sources */,
				5A45F1B522820EAA0005AA68 /* FormView.swift in Sources */,
				5AF8B60D2298048F00654302 /* FormFieldContainerView.swift in Sources */,
				D95E5AF3241554AA00CB77F0 /* TimeFormFieldPresenter.swift in Sources */,
				D9D9DE05240A7F9A00701340 /* ExpenseListMapper.swift in Sources */,
				3CC54CAA9DC4DF3A262FA28C4BF52435 /* String+subscript.swift in Sources */,
				4CB0FA9534C6EDB9E4B95A0A89DB99CC /* TableView+delete.swift in Sources */,
				5AF2856922F3F5C9001AC3DF /* ExpenseListViewController.swift in Sources */,
				D90297232352386D00681BFC /* CalendarFormFieldKeyboardView.swift in Sources */,
				5ABC60B122F8158300A72659 /* UnderlinedButton.swift in Sources */,
				C31D78FE77010197F4268CAB693481BE /* TableView+register.swift in Sources */,
				5A6C60EB22AADFF80054F1FB /* ExpenseListSelectorView.swift in Sources */,
				9FA73AEA08D63F487872C9D0E3D7E67E /* TextFormFieldView.swift in Sources */,
				D96E14E4245DC59E00257E4E /* CategorySelectorPresenter.swift in Sources */,
				5A68398D22F85A380032369D /* MonthExpenseListPresenter.swift in Sources */,
				D97586B6245DD97D00CE880A /* CategorySelectorRouter.swift in Sources */,
				D9121B11241A793D0025DEA2 /* TimeValidator.swift in Sources */,
				5A50EE03228B392B00EECB30 /* Fonts.swift in Sources */,
				5AF2856D22F3F797001AC3DF /* ExpenseListViewModel.swift in Sources */,
				CBF3C7427E1C7CFD7AA5289F166F8640 /* UIView+nib.swift in Sources */,
			);
			runOnlyForDeploymentPostprocessing = 0;
		};
/* End PBXSourcesBuildPhase section */

/* Begin PBXTargetDependency section */
		107F6367A6AAE9EF7DFA67F1221EC7F8 /* PBXTargetDependency */ = {
			isa = PBXTargetDependency;
			target = D958918E2DA8339669D18954230B2EF4 /* Kakebo */;
			targetProxy = 1EED9843DD5615FC4797869D9DE0BE8C /* PBXContainerItemProxy */;
		};
/* End PBXTargetDependency section */

/* Begin XCBuildConfiguration section */
		0C7699DD6F8FE7167D27BD29A59E82EE /* Debug */ = {
			isa = XCBuildConfiguration;
			baseConfigurationReference = D2564D201747F14FF6502A4F /* Pods-Kakebo.debug.xcconfig */;
			buildSettings = {
				ASSETCATALOG_COMPILER_APPICON_NAME = AppIcon;
				CODE_SIGN_IDENTITY = "iPhone Developer";
				DEVELOPMENT_TEAM = U45ZNT55FZ;
				FRAMEWORK_SEARCH_PATHS = "$(inherited)";
				INFOPLIST_FILE = Kakebo/Info.plist;
				IPHONEOS_DEPLOYMENT_TARGET = 13.0;
				LD_RUNPATH_SEARCH_PATHS = (
					"$(inherited)",
					"@executable_path/Frameworks",
				);
				PRODUCT_BUNDLE_IDENTIFIER = com.sbs.Kakebo;
				SDKROOT = iphoneos;
				SWIFT_VERSION = 5.0;
				TARGETED_DEVICE_FAMILY = 1;
			};
			name = Debug;
		};
		3BB1646AC3E5E5194AAC2F0ECC8D5073 /* Release */ = {
			isa = XCBuildConfiguration;
			baseConfigurationReference = 243B3D8E92366CCF1998D1A6 /* Pods-KakeboTests.release.xcconfig */;
			buildSettings = {
				BUNDLE_LOADER = "$(TEST_HOST)";
				DEVELOPMENT_TEAM = U45ZNT55FZ;
				FRAMEWORK_SEARCH_PATHS = "$(inherited)";
				INFOPLIST_FILE = KakeboTests/Info.plist;
				LD_RUNPATH_SEARCH_PATHS = (
					"$(inherited)",
					"@executable_path/Frameworks",
					"@loader_path/Frameworks",
				);
				PRODUCT_BUNDLE_IDENTIFIER = com.sbs.KakeboTests;
				SDKROOT = iphoneos;
				SWIFT_VERSION = 5.0;
				TARGETED_DEVICE_FAMILY = "1,2";
				TEST_HOST = "$(BUILT_PRODUCTS_DIR)/Kakebo.app/Kakebo";
				TEST_TARGET_NAME = Kakebo;
			};
			name = Release;
		};
		77AB17083DE088FB053997204596ABF3 /* Debug */ = {
			isa = XCBuildConfiguration;
			buildSettings = {
				ALWAYS_SEARCH_USER_PATHS = NO;
				CLANG_ANALYZER_NONNULL = YES;
				CLANG_ANALYZER_NUMBER_OBJECT_CONVERSION = YES_AGGRESSIVE;
				CLANG_CXX_LANGUAGE_STANDARD = "gnu++14";
				CLANG_CXX_LIBRARY = "libc++";
				CLANG_ENABLE_MODULES = YES;
				CLANG_ENABLE_OBJC_ARC = YES;
				CLANG_WARN_BLOCK_CAPTURE_AUTORELEASING = YES;
				CLANG_WARN_BOOL_CONVERSION = YES;
				CLANG_WARN_COMMA = YES;
				CLANG_WARN_CONSTANT_CONVERSION = YES;
				CLANG_WARN_DEPRECATED_OBJC_IMPLEMENTATIONS = YES;
				CLANG_WARN_DIRECT_OBJC_ISA_USAGE = YES_ERROR;
				CLANG_WARN_DOCUMENTATION_COMMENTS = YES;
				CLANG_WARN_EMPTY_BODY = YES;
				CLANG_WARN_ENUM_CONVERSION = YES;
				CLANG_WARN_INFINITE_RECURSION = YES;
				CLANG_WARN_INT_CONVERSION = YES;
				CLANG_WARN_NON_LITERAL_NULL_CONVERSION = YES;
				CLANG_WARN_OBJC_IMPLICIT_RETAIN_SELF = YES;
				CLANG_WARN_OBJC_LITERAL_CONVERSION = YES;
				CLANG_WARN_OBJC_ROOT_CLASS = YES_ERROR;
				CLANG_WARN_RANGE_LOOP_ANALYSIS = YES;
				CLANG_WARN_STRICT_PROTOTYPES = YES;
				CLANG_WARN_SUSPICIOUS_MOVE = YES;
				CLANG_WARN_UNGUARDED_AVAILABILITY = YES_AGGRESSIVE;
				CLANG_WARN_UNREACHABLE_CODE = YES;
				CLANG_WARN__DUPLICATE_METHOD_MATCH = YES;
				COPY_PHASE_STRIP = NO;
				DEBUG_INFORMATION_FORMAT = dwarf;
				ENABLE_STRICT_OBJC_MSGSEND = YES;
				ENABLE_TESTABILITY = YES;
				GCC_C_LANGUAGE_STANDARD = gnu11;
				GCC_DYNAMIC_NO_PIC = NO;
				GCC_NO_COMMON_BLOCKS = YES;
				GCC_OPTIMIZATION_LEVEL = 0;
				GCC_PREPROCESSOR_DEFINITIONS = (
					"$(inherited)",
					"DEBUG=1",
				);
				GCC_WARN_64_TO_32_BIT_CONVERSION = YES;
				GCC_WARN_ABOUT_RETURN_TYPE = YES_ERROR;
				GCC_WARN_UNDECLARED_SELECTOR = YES;
				GCC_WARN_UNINITIALIZED_AUTOS = YES_AGGRESSIVE;
				GCC_WARN_UNUSED_FUNCTION = YES;
				GCC_WARN_UNUSED_VARIABLE = YES;
				IPHONEOS_DEPLOYMENT_TARGET = 13.0;
				MTL_ENABLE_DEBUG_INFO = YES;
				ONLY_ACTIVE_ARCH = YES;
				PRODUCT_NAME = "$(TARGET_NAME)";
				SDKROOT = iphoneos;
				SWIFT_ACTIVE_COMPILATION_CONDITIONS = DEBUG;
				SWIFT_OPTIMIZATION_LEVEL = "-Onone";
				SWIFT_VERSION = 5;
			};
			name = Debug;
		};
		D760C9A2033744B18E24984F7C35F25B /* Release */ = {
			isa = XCBuildConfiguration;
			buildSettings = {
				ALWAYS_SEARCH_USER_PATHS = NO;
				CLANG_ANALYZER_NONNULL = YES;
				CLANG_ANALYZER_NUMBER_OBJECT_CONVERSION = YES_AGGRESSIVE;
				CLANG_CXX_LANGUAGE_STANDARD = "gnu++14";
				CLANG_CXX_LIBRARY = "libc++";
				CLANG_ENABLE_MODULES = YES;
				CLANG_ENABLE_OBJC_ARC = YES;
				CLANG_WARN_BLOCK_CAPTURE_AUTORELEASING = YES;
				CLANG_WARN_BOOL_CONVERSION = YES;
				CLANG_WARN_COMMA = YES;
				CLANG_WARN_CONSTANT_CONVERSION = YES;
				CLANG_WARN_DEPRECATED_OBJC_IMPLEMENTATIONS = YES;
				CLANG_WARN_DIRECT_OBJC_ISA_USAGE = YES_ERROR;
				CLANG_WARN_DOCUMENTATION_COMMENTS = YES;
				CLANG_WARN_EMPTY_BODY = YES;
				CLANG_WARN_ENUM_CONVERSION = YES;
				CLANG_WARN_INFINITE_RECURSION = YES;
				CLANG_WARN_INT_CONVERSION = YES;
				CLANG_WARN_NON_LITERAL_NULL_CONVERSION = YES;
				CLANG_WARN_OBJC_IMPLICIT_RETAIN_SELF = YES;
				CLANG_WARN_OBJC_LITERAL_CONVERSION = YES;
				CLANG_WARN_OBJC_ROOT_CLASS = YES_ERROR;
				CLANG_WARN_RANGE_LOOP_ANALYSIS = YES;
				CLANG_WARN_STRICT_PROTOTYPES = YES;
				CLANG_WARN_SUSPICIOUS_MOVE = YES;
				CLANG_WARN_UNGUARDED_AVAILABILITY = YES_AGGRESSIVE;
				CLANG_WARN_UNREACHABLE_CODE = YES;
				CLANG_WARN__DUPLICATE_METHOD_MATCH = YES;
				COPY_PHASE_STRIP = NO;
				DEBUG_INFORMATION_FORMAT = "dwarf-with-dsym";
				ENABLE_NS_ASSERTIONS = NO;
				ENABLE_STRICT_OBJC_MSGSEND = YES;
				GCC_C_LANGUAGE_STANDARD = gnu11;
				GCC_NO_COMMON_BLOCKS = YES;
				GCC_WARN_64_TO_32_BIT_CONVERSION = YES;
				GCC_WARN_ABOUT_RETURN_TYPE = YES_ERROR;
				GCC_WARN_UNDECLARED_SELECTOR = YES;
				GCC_WARN_UNINITIALIZED_AUTOS = YES_AGGRESSIVE;
				GCC_WARN_UNUSED_FUNCTION = YES;
				GCC_WARN_UNUSED_VARIABLE = YES;
				IPHONEOS_DEPLOYMENT_TARGET = 13.0;
				PRODUCT_NAME = "$(TARGET_NAME)";
				SDKROOT = iphoneos;
				SWIFT_COMPILATION_MODE = wholemodule;
				SWIFT_OPTIMIZATION_LEVEL = "-Owholemodule";
				SWIFT_VERSION = 5;
				VALIDATE_PRODUCT = YES;
			};
			name = Release;
		};
		E24942FE6BEBEC13DB6DECF3AFD470BE /* Debug */ = {
			isa = XCBuildConfiguration;
			baseConfigurationReference = 4F1F8F5FE99128803DD017B1 /* Pods-KakeboTests.debug.xcconfig */;
			buildSettings = {
				BUNDLE_LOADER = "$(TEST_HOST)";
				DEVELOPMENT_TEAM = U45ZNT55FZ;
				FRAMEWORK_SEARCH_PATHS = "$(inherited)";
				INFOPLIST_FILE = KakeboTests/Info.plist;
				LD_RUNPATH_SEARCH_PATHS = (
					"$(inherited)",
					"@executable_path/Frameworks",
					"@loader_path/Frameworks",
				);
				PRODUCT_BUNDLE_IDENTIFIER = com.sbs.KakeboTests;
				SDKROOT = iphoneos;
				SWIFT_VERSION = 5.0;
				TARGETED_DEVICE_FAMILY = "1,2";
				TEST_HOST = "$(BUILT_PRODUCTS_DIR)/Kakebo.app/Kakebo";
				TEST_TARGET_NAME = Kakebo;
			};
			name = Debug;
		};
		EDC4BC5E7B02D5697DA0D2B7F4DA146F /* Release */ = {
			isa = XCBuildConfiguration;
			baseConfigurationReference = 3B10A56ECCEF411FC76A4E3A /* Pods-Kakebo.release.xcconfig */;
			buildSettings = {
				ASSETCATALOG_COMPILER_APPICON_NAME = AppIcon;
				CODE_SIGN_IDENTITY = "iPhone Developer";
				DEVELOPMENT_TEAM = U45ZNT55FZ;
				FRAMEWORK_SEARCH_PATHS = "$(inherited)";
				INFOPLIST_FILE = Kakebo/Info.plist;
				IPHONEOS_DEPLOYMENT_TARGET = 13.0;
				LD_RUNPATH_SEARCH_PATHS = (
					"$(inherited)",
					"@executable_path/Frameworks",
				);
				PRODUCT_BUNDLE_IDENTIFIER = com.sbs.Kakebo;
				SDKROOT = iphoneos;
				SWIFT_COMPILATION_MODE = wholemodule;
				SWIFT_VERSION = 5.0;
				TARGETED_DEVICE_FAMILY = 1;
			};
			name = Release;
		};
/* End XCBuildConfiguration section */

/* Begin XCConfigurationList section */
		5525ADE0F05DAE83349BF6A2235ADB9B /* Build configuration list for PBXNativeTarget "Kakebo" */ = {
			isa = XCConfigurationList;
			buildConfigurations = (
				0C7699DD6F8FE7167D27BD29A59E82EE /* Debug */,
				EDC4BC5E7B02D5697DA0D2B7F4DA146F /* Release */,
			);
			defaultConfigurationIsVisible = 0;
			defaultConfigurationName = "";
		};
		D66279847B96FF1DB02D209B8EBF0E84 /* Build configuration list for PBXNativeTarget "KakeboTests" */ = {
			isa = XCConfigurationList;
			buildConfigurations = (
				E24942FE6BEBEC13DB6DECF3AFD470BE /* Debug */,
				3BB1646AC3E5E5194AAC2F0ECC8D5073 /* Release */,
			);
			defaultConfigurationIsVisible = 0;
			defaultConfigurationName = "";
		};
		F09F6512151170AD49C4AFADEBCD989D /* Build configuration list for PBXProject "Kakebo" */ = {
			isa = XCConfigurationList;
			buildConfigurations = (
				77AB17083DE088FB053997204596ABF3 /* Debug */,
				D760C9A2033744B18E24984F7C35F25B /* Release */,
			);
			defaultConfigurationIsVisible = 0;
			defaultConfigurationName = Debug;
		};
/* End XCConfigurationList section */
	};
	rootObject = 997008456CD979097DB4C04CAF147C4F /* Project object */;
}
